PODS:
  - boost-for-react-native (1.63.0)
  - BugsnagReactNative (7.3.5):
    - React
  - BVLinearGradient (2.5.6):
    - React
  - CocoaAsyncSocket (7.6.4)
  - CocoaLibEvent (1.0.0)
  - disklet (0.4.5):
    - React
  - DoubleConversion (1.1.6)
  - edge-login-ui-rn (0.6.21):
    - React
  - FBLazyVector (0.63.0)
  - FBReactNativeSpec (0.63.0):
    - Folly (= 2020.01.13.00)
    - RCTRequired (= 0.63.0)
    - RCTTypeSafety (= 0.63.0)
    - React-Core (= 0.63.0)
    - React-jsi (= 0.63.0)
    - ReactCommon/turbomodule/core (= 0.63.0)
  - Flipper (0.41.5):
    - Flipper-Folly (~> 2.2)
    - Flipper-RSocket (~> 1.1)
  - Flipper-DoubleConversion (1.1.7)
  - Flipper-Folly (2.2.0):
    - boost-for-react-native
    - CocoaLibEvent (~> 1.0)
    - Flipper-DoubleConversion
    - Flipper-Glog
    - OpenSSL-Universal (= 1.0.2.19)
  - Flipper-Glog (0.3.6)
  - Flipper-PeerTalk (0.0.4)
  - Flipper-RSocket (1.1.0):
    - Flipper-Folly (~> 2.2)
  - FlipperKit (0.41.5):
    - FlipperKit/Core (= 0.41.5)
  - FlipperKit/Core (0.41.5):
    - Flipper (~> 0.41.5)
    - FlipperKit/CppBridge
    - FlipperKit/FBCxxFollyDynamicConvert
    - FlipperKit/FBDefines
    - FlipperKit/FKPortForwarding
  - FlipperKit/CppBridge (0.41.5):
    - Flipper (~> 0.41.5)
  - FlipperKit/FBCxxFollyDynamicConvert (0.41.5):
    - Flipper-Folly (~> 2.2)
  - FlipperKit/FBDefines (0.41.5)
  - FlipperKit/FKPortForwarding (0.41.5):
    - CocoaAsyncSocket (~> 7.6)
    - Flipper-PeerTalk (~> 0.0.4)
  - FlipperKit/FlipperKitHighlightOverlay (0.41.5)
  - FlipperKit/FlipperKitLayoutPlugin (0.41.5):
    - FlipperKit/Core
    - FlipperKit/FlipperKitHighlightOverlay
    - FlipperKit/FlipperKitLayoutTextSearchable
    - YogaKit (~> 1.18)
  - FlipperKit/FlipperKitLayoutTextSearchable (0.41.5)
  - FlipperKit/FlipperKitNetworkPlugin (0.41.5):
    - FlipperKit/Core
  - FlipperKit/FlipperKitReactPlugin (0.41.5):
    - FlipperKit/Core
  - FlipperKit/FlipperKitUserDefaultsPlugin (0.41.5):
    - FlipperKit/Core
  - FlipperKit/SKIOSNetworkPlugin (0.41.5):
    - FlipperKit/Core
    - FlipperKit/FlipperKitNetworkPlugin
  - Folly (2020.01.13.00):
    - boost-for-react-native
    - DoubleConversion
    - Folly/Default (= 2020.01.13.00)
    - glog
  - Folly/Default (2020.01.13.00):
    - boost-for-react-native
    - DoubleConversion
    - glog
  - glog (0.3.5)
  - OpenSSL-Universal (1.0.2.19):
    - OpenSSL-Universal/Static (= 1.0.2.19)
  - OpenSSL-Universal/Static (1.0.2.19)
  - RCTRequired (0.63.0)
  - RCTTypeSafety (0.63.0):
    - FBLazyVector (= 0.63.0)
    - Folly (= 2020.01.13.00)
    - RCTRequired (= 0.63.0)
    - React-Core (= 0.63.0)
  - React (0.63.0):
    - React-Core (= 0.63.0)
    - React-Core/DevSupport (= 0.63.0)
    - React-Core/RCTWebSocket (= 0.63.0)
    - React-RCTActionSheet (= 0.63.0)
    - React-RCTAnimation (= 0.63.0)
    - React-RCTBlob (= 0.63.0)
    - React-RCTImage (= 0.63.0)
    - React-RCTLinking (= 0.63.0)
    - React-RCTNetwork (= 0.63.0)
    - React-RCTSettings (= 0.63.0)
    - React-RCTText (= 0.63.0)
    - React-RCTVibration (= 0.63.0)
  - React-callinvoker (0.63.0)
  - React-Core (0.63.0):
    - Folly (= 2020.01.13.00)
    - glog
    - React-Core/Default (= 0.63.0)
    - React-cxxreact (= 0.63.0)
    - React-jsi (= 0.63.0)
    - React-jsiexecutor (= 0.63.0)
    - Yoga
  - React-Core/CoreModulesHeaders (0.63.0):
    - Folly (= 2020.01.13.00)
    - glog
    - React-Core/Default
    - React-cxxreact (= 0.63.0)
    - React-jsi (= 0.63.0)
    - React-jsiexecutor (= 0.63.0)
    - Yoga
  - React-Core/Default (0.63.0):
    - Folly (= 2020.01.13.00)
    - glog
    - React-cxxreact (= 0.63.0)
    - React-jsi (= 0.63.0)
    - React-jsiexecutor (= 0.63.0)
    - Yoga
  - React-Core/DevSupport (0.63.0):
    - Folly (= 2020.01.13.00)
    - glog
    - React-Core/Default (= 0.63.0)
    - React-Core/RCTWebSocket (= 0.63.0)
    - React-cxxreact (= 0.63.0)
    - React-jsi (= 0.63.0)
    - React-jsiexecutor (= 0.63.0)
    - React-jsinspector (= 0.63.0)
    - Yoga
  - React-Core/RCTActionSheetHeaders (0.63.0):
    - Folly (= 2020.01.13.00)
    - glog
    - React-Core/Default
    - React-cxxreact (= 0.63.0)
    - React-jsi (= 0.63.0)
    - React-jsiexecutor (= 0.63.0)
    - Yoga
  - React-Core/RCTAnimationHeaders (0.63.0):
    - Folly (= 2020.01.13.00)
    - glog
    - React-Core/Default
    - React-cxxreact (= 0.63.0)
    - React-jsi (= 0.63.0)
    - React-jsiexecutor (= 0.63.0)
    - Yoga
  - React-Core/RCTBlobHeaders (0.63.0):
    - Folly (= 2020.01.13.00)
    - glog
    - React-Core/Default
    - React-cxxreact (= 0.63.0)
    - React-jsi (= 0.63.0)
    - React-jsiexecutor (= 0.63.0)
    - Yoga
  - React-Core/RCTImageHeaders (0.63.0):
    - Folly (= 2020.01.13.00)
    - glog
    - React-Core/Default
    - React-cxxreact (= 0.63.0)
    - React-jsi (= 0.63.0)
    - React-jsiexecutor (= 0.63.0)
    - Yoga
  - React-Core/RCTLinkingHeaders (0.63.0):
    - Folly (= 2020.01.13.00)
    - glog
    - React-Core/Default
    - React-cxxreact (= 0.63.0)
    - React-jsi (= 0.63.0)
    - React-jsiexecutor (= 0.63.0)
    - Yoga
  - React-Core/RCTNetworkHeaders (0.63.0):
    - Folly (= 2020.01.13.00)
    - glog
    - React-Core/Default
    - React-cxxreact (= 0.63.0)
    - React-jsi (= 0.63.0)
    - React-jsiexecutor (= 0.63.0)
    - Yoga
  - React-Core/RCTSettingsHeaders (0.63.0):
    - Folly (= 2020.01.13.00)
    - glog
    - React-Core/Default
    - React-cxxreact (= 0.63.0)
    - React-jsi (= 0.63.0)
    - React-jsiexecutor (= 0.63.0)
    - Yoga
  - React-Core/RCTTextHeaders (0.63.0):
    - Folly (= 2020.01.13.00)
    - glog
    - React-Core/Default
    - React-cxxreact (= 0.63.0)
    - React-jsi (= 0.63.0)
    - React-jsiexecutor (= 0.63.0)
    - Yoga
  - React-Core/RCTVibrationHeaders (0.63.0):
    - Folly (= 2020.01.13.00)
    - glog
    - React-Core/Default
    - React-cxxreact (= 0.63.0)
    - React-jsi (= 0.63.0)
    - React-jsiexecutor (= 0.63.0)
    - Yoga
  - React-Core/RCTWebSocket (0.63.0):
    - Folly (= 2020.01.13.00)
    - glog
    - React-Core/Default (= 0.63.0)
    - React-cxxreact (= 0.63.0)
    - React-jsi (= 0.63.0)
    - React-jsiexecutor (= 0.63.0)
    - Yoga
  - React-CoreModules (0.63.0):
    - FBReactNativeSpec (= 0.63.0)
    - Folly (= 2020.01.13.00)
    - RCTTypeSafety (= 0.63.0)
    - React-Core/CoreModulesHeaders (= 0.63.0)
    - React-jsi (= 0.63.0)
    - React-RCTImage (= 0.63.0)
    - ReactCommon/turbomodule/core (= 0.63.0)
  - React-cxxreact (0.63.0):
    - boost-for-react-native (= 1.63.0)
    - DoubleConversion
    - Folly (= 2020.01.13.00)
    - glog
    - React-callinvoker (= 0.63.0)
    - React-jsinspector (= 0.63.0)
  - React-jsi (0.63.0):
    - boost-for-react-native (= 1.63.0)
    - DoubleConversion
    - Folly (= 2020.01.13.00)
    - glog
    - React-jsi/Default (= 0.63.0)
  - React-jsi/Default (0.63.0):
    - boost-for-react-native (= 1.63.0)
    - DoubleConversion
    - Folly (= 2020.01.13.00)
    - glog
  - React-jsiexecutor (0.63.0):
    - DoubleConversion
    - Folly (= 2020.01.13.00)
    - glog
    - React-cxxreact (= 0.63.0)
    - React-jsi (= 0.63.0)
  - React-jsinspector (0.63.0)
  - react-native-appearance (0.3.4):
    - React
  - react-native-blur (0.8.0):
    - React
  - react-native-camera (1.13.1):
    - React
    - react-native-camera/RCT (= 1.13.1)
    - react-native-camera/RN (= 1.13.1)
  - react-native-camera/RCT (1.13.1):
    - React
  - react-native-camera/RN (1.13.1):
    - React
  - react-native-contacts (2.2.5):
    - React
  - react-native-mail (5.0.1):
    - React
  - react-native-randombytes (3.5.3):
    - React
  - react-native-safari-view (1.0.0):
    - React
  - react-native-smart-splash-screen (2.3.5):
    - React
  - react-native-webview (10.9.2):
    - React
  - React-RCTActionSheet (0.63.0):
    - React-Core/RCTActionSheetHeaders (= 0.63.0)
  - React-RCTAnimation (0.63.0):
    - FBReactNativeSpec (= 0.63.0)
    - Folly (= 2020.01.13.00)
    - RCTTypeSafety (= 0.63.0)
    - React-Core/RCTAnimationHeaders (= 0.63.0)
    - React-jsi (= 0.63.0)
    - ReactCommon/turbomodule/core (= 0.63.0)
  - React-RCTBlob (0.63.0):
    - FBReactNativeSpec (= 0.63.0)
    - Folly (= 2020.01.13.00)
    - React-Core/RCTBlobHeaders (= 0.63.0)
    - React-Core/RCTWebSocket (= 0.63.0)
    - React-jsi (= 0.63.0)
    - React-RCTNetwork (= 0.63.0)
    - ReactCommon/turbomodule/core (= 0.63.0)
  - React-RCTImage (0.63.0):
    - FBReactNativeSpec (= 0.63.0)
    - Folly (= 2020.01.13.00)
    - RCTTypeSafety (= 0.63.0)
    - React-Core/RCTImageHeaders (= 0.63.0)
    - React-jsi (= 0.63.0)
    - React-RCTNetwork (= 0.63.0)
    - ReactCommon/turbomodule/core (= 0.63.0)
  - React-RCTLinking (0.63.0):
    - FBReactNativeSpec (= 0.63.0)
    - React-Core/RCTLinkingHeaders (= 0.63.0)
    - React-jsi (= 0.63.0)
    - ReactCommon/turbomodule/core (= 0.63.0)
  - React-RCTNetwork (0.63.0):
    - FBReactNativeSpec (= 0.63.0)
    - Folly (= 2020.01.13.00)
    - RCTTypeSafety (= 0.63.0)
    - React-Core/RCTNetworkHeaders (= 0.63.0)
    - React-jsi (= 0.63.0)
    - ReactCommon/turbomodule/core (= 0.63.0)
  - React-RCTSettings (0.63.0):
    - FBReactNativeSpec (= 0.63.0)
    - Folly (= 2020.01.13.00)
    - RCTTypeSafety (= 0.63.0)
    - React-Core/RCTSettingsHeaders (= 0.63.0)
    - React-jsi (= 0.63.0)
    - ReactCommon/turbomodule/core (= 0.63.0)
  - React-RCTText (0.63.0):
    - React-Core/RCTTextHeaders (= 0.63.0)
  - React-RCTVibration (0.63.0):
    - FBReactNativeSpec (= 0.63.0)
    - Folly (= 2020.01.13.00)
    - React-Core/RCTVibrationHeaders (= 0.63.0)
    - React-jsi (= 0.63.0)
    - ReactCommon/turbomodule/core (= 0.63.0)
  - ReactCommon/turbomodule/core (0.63.0):
    - DoubleConversion
    - Folly (= 2020.01.13.00)
    - glog
    - React-callinvoker (= 0.63.0)
    - React-Core (= 0.63.0)
    - React-cxxreact (= 0.63.0)
    - React-jsi (= 0.63.0)
  - ReactNativeART (1.2.0):
    - React
  - ReactNativePermissions (1.0.6):
    - React
  - RNCAsyncStorage (1.6.2):
    - React
  - RNDateTimePicker (3.0.2):
    - React
  - RNDeviceInfo (5.6.1):
    - React
  - RNFastCrypto (0.0.1):
    - React
  - RNFS (2.13.3):
    - React
  - RNLocalize (1.4.0):
    - React
  - RNShare (3.8.3):
    - React
  - RNSound (0.11.0):
    - React
    - RNSound/Core (= 0.11.0)
  - RNSound/Core (0.11.0):
    - React
  - RNStoreReview (0.1.5):
    - React
  - RNVectorIcons (7.1.0):
    - React
  - TcpSockets (4.0.0):
    - CocoaAsyncSocket
    - React
  - Yoga (1.14.0)
  - YogaKit (1.18.1):
    - Yoga (~> 1.14)

DEPENDENCIES:
  - "BugsnagReactNative (from `../node_modules/@bugsnag/react-native`)"
  - BVLinearGradient (from `../node_modules/react-native-linear-gradient`)
  - disklet (from `../node_modules/disklet`)
  - DoubleConversion (from `../node_modules/react-native/third-party-podspecs/DoubleConversion.podspec`)
  - edge-login-ui-rn (from `../node_modules/edge-login-ui-rn`)
  - FBLazyVector (from `../node_modules/react-native/Libraries/FBLazyVector`)
  - FBReactNativeSpec (from `../node_modules/react-native/Libraries/FBReactNativeSpec`)
  - Flipper (~> 0.41.1)
  - Flipper-DoubleConversion (= 1.1.7)
  - Flipper-Folly (~> 2.2)
  - Flipper-Glog (= 0.3.6)
  - Flipper-PeerTalk (~> 0.0.4)
  - Flipper-RSocket (~> 1.1)
  - FlipperKit (~> 0.41.1)
  - FlipperKit/Core (~> 0.41.1)
  - FlipperKit/CppBridge (~> 0.41.1)
  - FlipperKit/FBCxxFollyDynamicConvert (~> 0.41.1)
  - FlipperKit/FBDefines (~> 0.41.1)
  - FlipperKit/FKPortForwarding (~> 0.41.1)
  - FlipperKit/FlipperKitHighlightOverlay (~> 0.41.1)
  - FlipperKit/FlipperKitLayoutPlugin (~> 0.41.1)
  - FlipperKit/FlipperKitLayoutTextSearchable (~> 0.41.1)
  - FlipperKit/FlipperKitNetworkPlugin (~> 0.41.1)
  - FlipperKit/FlipperKitReactPlugin (~> 0.41.1)
  - FlipperKit/FlipperKitUserDefaultsPlugin (~> 0.41.1)
  - FlipperKit/SKIOSNetworkPlugin (~> 0.41.1)
  - Folly (from `../node_modules/react-native/third-party-podspecs/Folly.podspec`)
  - glog (from `../node_modules/react-native/third-party-podspecs/glog.podspec`)
  - RCTRequired (from `../node_modules/react-native/Libraries/RCTRequired`)
  - RCTTypeSafety (from `../node_modules/react-native/Libraries/TypeSafety`)
  - React (from `../node_modules/react-native/`)
  - React-callinvoker (from `../node_modules/react-native/ReactCommon/callinvoker`)
  - React-Core (from `../node_modules/react-native/`)
  - React-Core/DevSupport (from `../node_modules/react-native/`)
  - React-Core/RCTWebSocket (from `../node_modules/react-native/`)
  - React-CoreModules (from `../node_modules/react-native/React/CoreModules`)
  - React-cxxreact (from `../node_modules/react-native/ReactCommon/cxxreact`)
  - React-jsi (from `../node_modules/react-native/ReactCommon/jsi`)
  - React-jsiexecutor (from `../node_modules/react-native/ReactCommon/jsiexecutor`)
  - React-jsinspector (from `../node_modules/react-native/ReactCommon/jsinspector`)
  - react-native-appearance (from `../node_modules/react-native-appearance`)
  - "react-native-blur (from `../node_modules/@react-native-community/blur`)"
  - react-native-camera (from `../node_modules/react-native-camera`)
  - react-native-contacts (from `../node_modules/react-native-contacts`)
  - react-native-mail (from `../node_modules/react-native-mail`)
  - react-native-randombytes (from `../node_modules/react-native-randombytes`)
  - react-native-safari-view (from `../node_modules/react-native-safari-view`)
  - react-native-smart-splash-screen (from `../node_modules/react-native-smart-splash-screen`)
  - react-native-webview (from `../node_modules/react-native-webview`)
  - React-RCTActionSheet (from `../node_modules/react-native/Libraries/ActionSheetIOS`)
  - React-RCTAnimation (from `../node_modules/react-native/Libraries/NativeAnimation`)
  - React-RCTBlob (from `../node_modules/react-native/Libraries/Blob`)
  - React-RCTImage (from `../node_modules/react-native/Libraries/Image`)
  - React-RCTLinking (from `../node_modules/react-native/Libraries/LinkingIOS`)
  - React-RCTNetwork (from `../node_modules/react-native/Libraries/Network`)
  - React-RCTSettings (from `../node_modules/react-native/Libraries/Settings`)
  - React-RCTText (from `../node_modules/react-native/Libraries/Text`)
  - React-RCTVibration (from `../node_modules/react-native/Libraries/Vibration`)
  - ReactCommon/turbomodule/core (from `../node_modules/react-native/ReactCommon`)
  - "ReactNativeART (from `../node_modules/@react-native-community/art`)"
  - ReactNativePermissions (from `../node_modules/react-native-permissions`)
  - "RNCAsyncStorage (from `../node_modules/@react-native-community/async-storage`)"
  - "RNDateTimePicker (from `../node_modules/@react-native-community/datetimepicker`)"
  - RNDeviceInfo (from `../node_modules/react-native-device-info`)
  - RNFastCrypto (from `../node_modules/react-native-fast-crypto/ios`)
  - RNFS (from `../node_modules/react-native-fs`)
  - RNLocalize (from `../node_modules/react-native-localize`)
  - RNShare (from `../node_modules/react-native-share`)
  - RNSound (from `../node_modules/react-native-sound`)
  - RNStoreReview (from `../node_modules/react-native-store-review/ios`)
  - RNVectorIcons (from `../node_modules/react-native-vector-icons`)
  - TcpSockets (from `../node_modules/react-native-tcp`)
  - Yoga (from `../node_modules/react-native/ReactCommon/yoga`)

SPEC REPOS:
  https://github.com/CocoaPods/Specs.git:
    - CocoaAsyncSocket
  trunk:
    - boost-for-react-native
    - CocoaLibEvent
    - Flipper
    - Flipper-DoubleConversion
    - Flipper-Folly
    - Flipper-Glog
    - Flipper-PeerTalk
    - Flipper-RSocket
    - FlipperKit
    - OpenSSL-Universal
    - YogaKit

EXTERNAL SOURCES:
  BugsnagReactNative:
    :path: "../node_modules/@bugsnag/react-native"
  BVLinearGradient:
    :path: "../node_modules/react-native-linear-gradient"
  disklet:
    :path: "../node_modules/disklet"
  DoubleConversion:
    :podspec: "../node_modules/react-native/third-party-podspecs/DoubleConversion.podspec"
  edge-login-ui-rn:
    :path: "../node_modules/edge-login-ui-rn"
  FBLazyVector:
    :path: "../node_modules/react-native/Libraries/FBLazyVector"
  FBReactNativeSpec:
    :path: "../node_modules/react-native/Libraries/FBReactNativeSpec"
  Folly:
    :podspec: "../node_modules/react-native/third-party-podspecs/Folly.podspec"
  glog:
    :podspec: "../node_modules/react-native/third-party-podspecs/glog.podspec"
  RCTRequired:
    :path: "../node_modules/react-native/Libraries/RCTRequired"
  RCTTypeSafety:
    :path: "../node_modules/react-native/Libraries/TypeSafety"
  React:
    :path: "../node_modules/react-native/"
  React-callinvoker:
    :path: "../node_modules/react-native/ReactCommon/callinvoker"
  React-Core:
    :path: "../node_modules/react-native/"
  React-CoreModules:
    :path: "../node_modules/react-native/React/CoreModules"
  React-cxxreact:
    :path: "../node_modules/react-native/ReactCommon/cxxreact"
  React-jsi:
    :path: "../node_modules/react-native/ReactCommon/jsi"
  React-jsiexecutor:
    :path: "../node_modules/react-native/ReactCommon/jsiexecutor"
  React-jsinspector:
    :path: "../node_modules/react-native/ReactCommon/jsinspector"
  react-native-appearance:
    :path: "../node_modules/react-native-appearance"
  react-native-blur:
    :path: "../node_modules/@react-native-community/blur"
  react-native-camera:
    :path: "../node_modules/react-native-camera"
  react-native-contacts:
    :path: "../node_modules/react-native-contacts"
  react-native-mail:
    :path: "../node_modules/react-native-mail"
  react-native-randombytes:
    :path: "../node_modules/react-native-randombytes"
  react-native-safari-view:
    :path: "../node_modules/react-native-safari-view"
  react-native-smart-splash-screen:
    :path: "../node_modules/react-native-smart-splash-screen"
  react-native-webview:
    :path: "../node_modules/react-native-webview"
  React-RCTActionSheet:
    :path: "../node_modules/react-native/Libraries/ActionSheetIOS"
  React-RCTAnimation:
    :path: "../node_modules/react-native/Libraries/NativeAnimation"
  React-RCTBlob:
    :path: "../node_modules/react-native/Libraries/Blob"
  React-RCTImage:
    :path: "../node_modules/react-native/Libraries/Image"
  React-RCTLinking:
    :path: "../node_modules/react-native/Libraries/LinkingIOS"
  React-RCTNetwork:
    :path: "../node_modules/react-native/Libraries/Network"
  React-RCTSettings:
    :path: "../node_modules/react-native/Libraries/Settings"
  React-RCTText:
    :path: "../node_modules/react-native/Libraries/Text"
  React-RCTVibration:
    :path: "../node_modules/react-native/Libraries/Vibration"
  ReactCommon:
    :path: "../node_modules/react-native/ReactCommon"
  ReactNativeART:
    :path: "../node_modules/@react-native-community/art"
  ReactNativePermissions:
    :path: "../node_modules/react-native-permissions"
  RNCAsyncStorage:
    :path: "../node_modules/@react-native-community/async-storage"
  RNDateTimePicker:
    :path: "../node_modules/@react-native-community/datetimepicker"
  RNDeviceInfo:
    :path: "../node_modules/react-native-device-info"
  RNFastCrypto:
    :path: "../node_modules/react-native-fast-crypto/ios"
  RNFS:
    :path: "../node_modules/react-native-fs"
  RNLocalize:
    :path: "../node_modules/react-native-localize"
  RNShare:
    :path: "../node_modules/react-native-share"
  RNSound:
    :path: "../node_modules/react-native-sound"
  RNStoreReview:
    :path: "../node_modules/react-native-store-review/ios"
  RNVectorIcons:
    :path: "../node_modules/react-native-vector-icons"
  TcpSockets:
    :path: "../node_modules/react-native-tcp"
  Yoga:
    :path: "../node_modules/react-native/ReactCommon/yoga"

SPEC CHECKSUMS:
  boost-for-react-native: 39c7adb57c4e60d6c5479dd8623128eb5b3f0f2c
  BugsnagReactNative: fc7d6fb2127e53a8bfc79130b58263da363bb94b
  BVLinearGradient: e3aad03778a456d77928f594a649e96995f1c872
  CocoaAsyncSocket: 694058e7c0ed05a9e217d1b3c7ded962f4180845
  CocoaLibEvent: 2fab71b8bd46dd33ddb959f7928ec5909f838e3f
  disklet: 4f586f90b70fdb46f06614a5b7342eda5c90f253
  DoubleConversion: cde416483dac037923206447da6e1454df403714
  edge-login-ui-rn: c7397d26a0e62344a17a0506b2485fba288b296d
  FBLazyVector: 6f1045c66f816849b33c4ff28930b611e89059a0
  FBReactNativeSpec: e856d5103d749483f86f53afafd8df4ed8a776bd
  Flipper: 33585e2d9810fe5528346be33bcf71b37bb7ae13
  Flipper-DoubleConversion: 38631e41ef4f9b12861c67d17cb5518d06badc41
  Flipper-Folly: c12092ea368353b58e992843a990a3225d4533c3
  Flipper-Glog: 1dfd6abf1e922806c52ceb8701a3599a79a200a6
  Flipper-PeerTalk: 116d8f857dc6ef55c7a5a75ea3ceaafe878aadc9
  Flipper-RSocket: 64e7431a55835eb953b0bf984ef3b90ae9fdddd7
  FlipperKit: bc68102cd4952a258a23c9c1b316c7bec1fecf83
  Folly: b73c3869541e86821df3c387eb0af5f65addfab4
  glog: 40a13f7840415b9a77023fbcae0f1e6f43192af3
  OpenSSL-Universal: 8b48cc0d10c1b2923617dfe5c178aa9ed2689355
  RCTRequired: e46bb77db03887b3e200d34b08515c804669db99
  RCTTypeSafety: 270fed6675c42f80fb87b47d626ef3cede1505e6
  React: e008906ff1328f9bccb345ff4f7826397ad223fc
  React-callinvoker: f547824e0a626f4bce516ee65f548004b0784e7e
  React-Core: 1c28d2ecde60ded3fe42d8db4f684afb8709757b
  React-CoreModules: 8e6139e59f5347e2cf3ceb63e4532fb5b4b39a2d
  React-cxxreact: 98fef06e1ca59eb075ef5bc4c6f256d5c6840936
  React-jsi: 254710f3a97e587427bfbf3011dacec2af66a1fc
  React-jsiexecutor: 0e0cb4e170ca72d4bb1179843d08dcbea3d100ac
  React-jsinspector: fc661eff8edbfb7e22119382c13f33bcadde0f3c
  react-native-appearance: 0f0e5fc2fcef70e03d48c8fe6b00b9158c2ba8aa
  react-native-blur: cad4d93b364f91e7b7931b3fa935455487e5c33c
  react-native-camera: b322bc25f47536219473c6d00c666d221f7f2695
  react-native-contacts: f6e5c518598762081ff9cf7c70db36f71668538e
  react-native-mail: 685104c633d50ea3e15595acc89ab0eb9ee9cfd2
  react-native-randombytes: 3638d24759d67c68f6ccba60c52a7a8a8faa6a23
  react-native-safari-view: 955d7160d159241b8e9395d12d10ea0ef863dcdd
  react-native-smart-splash-screen: a961513689f11d63e8496684c2fa4be2d24fe23b
  react-native-webview: 2342dc91a2fc54a4978bda75032675927e998e5a
  React-RCTActionSheet: aadd91a1d6cbfae50dd41f140004f816e9e47ade
  React-RCTAnimation: 7fa2ef6c0ef1e3f0b7d2261c827ec94412deb5e6
  React-RCTBlob: ccbbc70295aee3a76a70323b48f63fb7a7fcffd6
  React-RCTImage: d94eb3080b37a4527ade4dd5f9f1289b7ba68089
  React-RCTLinking: ddd2a1ddb699bade352d4747d5652f4c425c747a
  React-RCTNetwork: 4590b11cc6e99eb01a48f1c03bcadfb8b792d005
  React-RCTSettings: 9197a492268a088c5213ef8a08cfc60b7a141369
  React-RCTText: ba503bf4cce41881ca258ba789c33e017955efdd
  React-RCTVibration: 77ab1cf4a5eb854b88ad5ed3e9d8509ed124525e
  ReactCommon: f63556ee9e41e9802257228237e5e660451a03cf
  ReactNativeART: 78edc68dd4a1e675338cd0cd113319cf3a65f2ab
  ReactNativePermissions: bf462424ca7823d1b8e6cb463184d6e7f151971b
  RNCAsyncStorage: 60a80e72d95bf02a01cace55d3697d9724f0d77f
  RNDateTimePicker: a84d2b439666c9243d42a8396c588d4d1d36e3f3
  RNDeviceInfo: b6e650fbd234732c759544218657d549b4339038
  RNFastCrypto: f63e4d7c452dd250f3d56d0bb8e0712fb3fc9567
  RNFS: c9bbde46b0d59619f8e7b735991c60e0f73d22c1
  RNLocalize: b6df30cc25ae736d37874f9bce13351db2f56796
  RNShare: 883e13860ebb923bf9f7312187c3d744f546e3bb
  RNSound: da030221e6ac7e8290c6b43f2b5f2133a8e225b0
  RNStoreReview: 62d6afd7c37db711a594bbffca6b0ea3a812b7a8
  RNVectorIcons: bc69e6a278b14842063605de32bec61f0b251a59
  TcpSockets: a8eb6b5867fe643e6cfed5db2e4de62f4d1e8fd0
  Yoga: 7d2edc5b410474191962e6dee88ee67f9b328b6b
  YogaKit: f782866e155069a2cca2517aafea43200b01fd5a

PODFILE CHECKSUM: 68877d18b199959276325d4c6448ef9bbabe31b9

COCOAPODS: 1.10.0
