PODS:
  - boost-for-react-native (1.63.0)
  - BugsnagReactNative (2.12.6):
    - BugsnagReactNative/Core (= 2.12.6)
    - React
  - BugsnagReactNative/Core (2.12.6):
    - React
  - BVLinearGradient (2.5.3):
    - React
  - disklet (0.4.4):
    - React
  - DoubleConversion (1.1.6)
  - edge-login-ui-rn (0.6.8):
    - React
  - Firebase/Core (5.3.0):
    - Firebase/CoreOnly
    - FirebaseAnalytics (= 5.0.1)
  - Firebase/CoreOnly (5.3.0):
    - FirebaseCore (= 5.0.4)
  - FirebaseAnalytics (5.0.1):
    - FirebaseCore (~> 5.0)
    - FirebaseInstanceID (~> 3.0)
    - "GoogleToolboxForMac/NSData+zlib (~> 2.1)"
    - nanopb (~> 0.3)
  - FirebaseCore (5.0.4):
    - "GoogleToolboxForMac/NSData+zlib (~> 2.1)"
  - FirebaseInstanceID (3.1.1):
    - FirebaseCore (~> 5.0)
  - Folly (2018.10.22.00):
    - boost-for-react-native
    - DoubleConversion
    - glog
  - glog (0.3.5)
  - GoogleToolboxForMac/Defines (2.1.0)
  - "GoogleToolboxForMac/NSData+zlib (2.1.0)":
    - GoogleToolboxForMac/Defines (= 2.1.0)
  - nanopb (0.3.8):
    - nanopb/decode (= 0.3.8)
    - nanopb/encode (= 0.3.8)
  - nanopb/decode (0.3.8)
  - nanopb/encode (0.3.8)
  - Picker (4.3.7):
    - Picker/Core (= 4.3.7)
  - Picker/Core (4.3.7):
    - React
  - React (0.59.10):
    - React/Core (= 0.59.10)
  - react-native-camera (1.13.1):
    - React
    - react-native-camera/RCT (= 1.13.1)
    - react-native-camera/RN (= 1.13.1)
  - react-native-camera/RCT (1.13.1):
    - React
  - react-native-camera/RN (1.13.1):
    - React
  - react-native-contacts (2.2.5):
    - React
  - react-native-contacts-wrapper (0.2.4):
    - React
  - react-native-cookies (3.3.0):
    - React
  - react-native-fast-crypto (1.8.1):
    - React
  - react-native-firebase (4.3.8):
    - Firebase/Core
    - React
  - react-native-image-picker (0.28.0):
    - React
  - react-native-locale (0.0.19):
    - React
  - react-native-mail (3.0.7):
    - React
  - react-native-material-kit (0.3.4):
    - React
  - react-native-randombytes (3.5.1):
    - React
  - react-native-safari-view (1.0.0):
    - React
  - react-native-smart-splash-screen (2.3.5):
    - React
  - react-native-tcp (3.2.2):
    - React
  - react-native-webview (5.12.1):
    - React
  - React/Core (0.59.10):
    - yoga (= 0.59.10.React)
  - React/CxxBridge (0.59.10):
    - Folly (= 2018.10.22.00)
    - React/Core
    - React/cxxreact
    - React/jsiexecutor
  - React/cxxreact (0.59.10):
    - boost-for-react-native (= 1.63.0)
    - DoubleConversion
    - Folly (= 2018.10.22.00)
    - glog
    - React/jsinspector
  - React/DevSupport (0.59.10):
    - React/Core
    - React/RCTWebSocket
  - React/fishhook (0.59.10)
  - React/jsi (0.59.10):
    - DoubleConversion
    - Folly (= 2018.10.22.00)
    - glog
  - React/jsiexecutor (0.59.10):
    - DoubleConversion
    - Folly (= 2018.10.22.00)
    - glog
    - React/cxxreact
    - React/jsi
  - React/jsinspector (0.59.10)
  - React/RCTActionSheet (0.59.10):
    - React/Core
  - React/RCTAnimation (0.59.10):
    - React/Core
  - React/RCTBlob (0.59.10):
    - React/Core
  - React/RCTImage (0.59.10):
    - React/Core
    - React/RCTNetwork
  - React/RCTLinkingIOS (0.59.10):
    - React/Core
  - React/RCTNetwork (0.59.10):
    - React/Core
  - React/RCTSettings (0.59.10):
    - React/Core
  - React/RCTText (0.59.10):
    - React/Core
  - React/RCTWebSocket (0.59.10):
    - React/Core
    - React/fishhook
    - React/RCTBlob
  - ReactNativeART (1.0.2):
    - React
  - ReactNativePermissions (1.0.6):
    - React
  - RNCAsyncStorage (1.6.2):
    - React
  - RNDeviceInfo (0.21.5):
    - React
  - RNFS (2.13.3):
    - React
  - RNOpenAppSettings (1.0.0):
    - React
  - RNShare (1.1.3):
    - React
  - RNSound (0.10.12):
    - React/Core
    - RNSound/Core (= 0.10.12)
  - RNSound/Core (0.10.12):
    - React/Core
  - RNStoreReview (0.1.5):
    - React
  - RNVectorIcons (6.1.0):
    - React
  - yoga (0.59.10.React)

DEPENDENCIES:
  - BugsnagReactNative (from `../node_modules/bugsnag-react-native`)
  - BVLinearGradient (from `../node_modules/react-native-linear-gradient`)
  - disklet (from `../node_modules/disklet`)
  - DoubleConversion (from `../node_modules/react-native/third-party-podspecs/DoubleConversion.podspec`)
  - edge-login-ui-rn (from `../node_modules/edge-login-ui-rn`)
  - Firebase/Core (~> 5.3.0)
  - Folly (from `../node_modules/react-native/third-party-podspecs/Folly.podspec`)
  - glog (from `../node_modules/react-native/third-party-podspecs/glog.podspec`)
  - Picker (from `../node_modules/react-native-picker`)
  - react-native-camera (from `../node_modules/react-native-camera`)
  - react-native-contacts (from `../node_modules/react-native-contacts`)
  - react-native-contacts-wrapper (from `../node_modules/react-native-contacts-wrapper`)
  - react-native-cookies (from `../node_modules/react-native-cookies`)
  - react-native-fast-crypto (from `../node_modules/react-native-fast-crypto`)
  - react-native-firebase (from `../node_modules/react-native-firebase`)
  - react-native-image-picker (from `../node_modules/react-native-image-picker`)
  - react-native-locale (from `../node_modules/react-native-locale`)
  - react-native-mail (from `../node_modules/react-native-mail`)
  - react-native-material-kit (from `../node_modules/react-native-material-kit`)
  - react-native-randombytes (from `../node_modules/react-native-randombytes`)
  - react-native-safari-view (from `../node_modules/react-native-safari-view`)
  - react-native-smart-splash-screen (from `../node_modules/react-native-smart-splash-screen`)
  - react-native-tcp (from `../node_modules/react-native-tcp`)
  - react-native-webview (from `../node_modules/react-native-webview`)
  - React/Core (from `../node_modules/react-native`)
  - React/CxxBridge (from `../node_modules/react-native`)
  - React/DevSupport (from `../node_modules/react-native`)
  - React/RCTActionSheet (from `../node_modules/react-native`)
  - React/RCTAnimation (from `../node_modules/react-native`)
  - React/RCTImage (from `../node_modules/react-native`)
  - React/RCTLinkingIOS (from `../node_modules/react-native`)
  - React/RCTNetwork (from `../node_modules/react-native`)
  - React/RCTSettings (from `../node_modules/react-native`)
  - React/RCTText (from `../node_modules/react-native`)
  - React/RCTWebSocket (from `../node_modules/react-native`)
  - "ReactNativeART (from `../node_modules/@react-native-community/art`)"
  - ReactNativePermissions (from `../node_modules/react-native-permissions`)
  - "RNCAsyncStorage (from `../node_modules/@react-native-community/async-storage`)"
  - RNDeviceInfo (from `../node_modules/react-native-device-info`)
  - RNFS (from `../node_modules/react-native-fs`)
  - RNOpenAppSettings (from `../node_modules/react-native-app-settings`)
  - RNShare (from `../node_modules/react-native-share`)
  - RNSound (from `../node_modules/react-native-sound`)
  - RNStoreReview (from `../node_modules/react-native-store-review/ios`)
  - RNVectorIcons (from `../node_modules/react-native-vector-icons`)
  - yoga (from `../node_modules/react-native/ReactCommon/yoga`)

SPEC REPOS:
  https://github.com/CocoaPods/Specs.git:
    - boost-for-react-native
    - Firebase
    - FirebaseAnalytics
    - FirebaseCore
    - FirebaseInstanceID
    - GoogleToolboxForMac
    - nanopb

EXTERNAL SOURCES:
  BugsnagReactNative:
    :path: "../node_modules/bugsnag-react-native"
  BVLinearGradient:
    :path: "../node_modules/react-native-linear-gradient"
  disklet:
    :path: "../node_modules/disklet"
  DoubleConversion:
    :podspec: "../node_modules/react-native/third-party-podspecs/DoubleConversion.podspec"
  edge-login-ui-rn:
    :path: "../node_modules/edge-login-ui-rn"
  Folly:
    :podspec: "../node_modules/react-native/third-party-podspecs/Folly.podspec"
  glog:
    :podspec: "../node_modules/react-native/third-party-podspecs/glog.podspec"
  Picker:
    :path: "../node_modules/react-native-picker"
  React:
    :path: "../node_modules/react-native"
  react-native-camera:
    :path: "../node_modules/react-native-camera"
  react-native-contacts:
    :path: "../node_modules/react-native-contacts"
  react-native-contacts-wrapper:
    :path: "../node_modules/react-native-contacts-wrapper"
  react-native-cookies:
    :path: "../node_modules/react-native-cookies"
  react-native-fast-crypto:
    :path: "../node_modules/react-native-fast-crypto"
  react-native-firebase:
    :path: "../node_modules/react-native-firebase"
  react-native-image-picker:
    :path: "../node_modules/react-native-image-picker"
  react-native-locale:
    :path: "../node_modules/react-native-locale"
  react-native-mail:
    :path: "../node_modules/react-native-mail"
  react-native-material-kit:
    :path: "../node_modules/react-native-material-kit"
  react-native-randombytes:
    :path: "../node_modules/react-native-randombytes"
  react-native-safari-view:
    :path: "../node_modules/react-native-safari-view"
  react-native-smart-splash-screen:
    :path: "../node_modules/react-native-smart-splash-screen"
  react-native-tcp:
    :path: "../node_modules/react-native-tcp"
  react-native-webview:
    :path: "../node_modules/react-native-webview"
  ReactNativeART:
    :path: "../node_modules/@react-native-community/art"
  ReactNativePermissions:
    :path: "../node_modules/react-native-permissions"
  RNCAsyncStorage:
    :path: "../node_modules/@react-native-community/async-storage"
  RNDeviceInfo:
    :path: "../node_modules/react-native-device-info"
  RNFS:
    :path: "../node_modules/react-native-fs"
  RNOpenAppSettings:
    :path: "../node_modules/react-native-app-settings"
  RNShare:
    :path: "../node_modules/react-native-share"
  RNSound:
    :path: "../node_modules/react-native-sound"
  RNStoreReview:
    :path: "../node_modules/react-native-store-review/ios"
  RNVectorIcons:
    :path: "../node_modules/react-native-vector-icons"
  yoga:
    :path: "../node_modules/react-native/ReactCommon/yoga"

SPEC CHECKSUMS:
  boost-for-react-native: 39c7adb57c4e60d6c5479dd8623128eb5b3f0f2c
  BugsnagReactNative: 7ba00c17a3dedfeea4dd011919962d415a231c49
  BVLinearGradient: 0d985ec461359c82bc254f26d11008bdae50d17a
  disklet: e96005d8f739209fdb4bae6151bf8d63df5f5d52
  DoubleConversion: bb338842f62ab1d708ceb63ec3d999f0f3d98ecd
  edge-login-ui-rn: 055b061f95f01553794064bae9eedf8834a89de7
  Firebase: 68afeeb05461db02d7c9e3215cda28068670f4aa
  FirebaseAnalytics: b3628aea54c50464c32c393fb2ea032566e7ecc2
  FirebaseCore: 62f1b792a49bb9e8b4073f24606d2c93ffc352f0
  FirebaseInstanceID: f3f0657372592ecdfdfe2cac604a5a75758376a6
  Folly: de497beb10f102453a1afa9edbf8cf8a251890de
  glog: aefd1eb5dda2ab95ba0938556f34b98e2da3a60d
  GoogleToolboxForMac: 2b2596cbb7186865e98cadf2b1e262d851c2b168
  nanopb: 5601e6bca2dbf1ed831b519092ec110f66982ca3
  Picker: 37554355aef82a532ea95b71b6eeba66bc86182b
  React: 36d0768f9e93be2473b37e7fa64f92c1d5341eef
  react-native-camera: b322bc25f47536219473c6d00c666d221f7f2695
  react-native-contacts: f6e5c518598762081ff9cf7c70db36f71668538e
  react-native-contacts-wrapper: a423605f89dba6b83edf481940736646f97cd25a
  react-native-cookies: 48615324004b541be94e9424f81224f0ba1ff68d
  react-native-fast-crypto: aed797071793e23416d6e8c7c1c5dadb63036a0c
  react-native-firebase: c20ee01585998768935fc2cff74ff8e9740f1a73
  react-native-image-picker: e6e06d4315e3c85bad17e4b2002cd29f11d202c8
  react-native-locale: bd8edf0e51706d469af3e2fa568a8102213a3139
  react-native-mail: 021d8ee60e374609f5689ef354dc8e36839a9ba6
  react-native-material-kit: e779e910356c15278dcd2d2153b8656d24084c05
  react-native-randombytes: 1b6091800f62c6c393c6bc850ac089ebf63d4c0a
  react-native-safari-view: 955d7160d159241b8e9395d12d10ea0ef863dcdd
  react-native-smart-splash-screen: a961513689f11d63e8496684c2fa4be2d24fe23b
  react-native-tcp: ec39d0ce136873220a2895a0e89dc33804fe0def
  react-native-webview: 5036ed4a973ad1deeeff118262d2df7b60b3419d
  ReactNativeART: 103929e284be663b5a2f921ed912821f04120a70
  ReactNativePermissions: bf462424ca7823d1b8e6cb463184d6e7f151971b
  RNCAsyncStorage: 60a80e72d95bf02a01cace55d3697d9724f0d77f
  RNDeviceInfo: e7c5fcde13d40e161d8a27f6c5dc69c638936002
  RNFS: c9bbde46b0d59619f8e7b735991c60e0f73d22c1
  RNOpenAppSettings: 1169b90a275e9e18c5973e1608949f97d426e7f3
  RNShare: 4f206fa36e384e95a0cbf79f2a92490647e93127
  RNSound: a1d01988e043aed5dbb476c2152b5ffb02446750
  RNStoreReview: 62d6afd7c37db711a594bbffca6b0ea3a812b7a8
  RNVectorIcons: ac7bf6bfeafaf3ad34552cdc6eed6fb8c4b7c940
  yoga: 684513b14b03201579ba3cee20218c9d1298b0cc

PODFILE CHECKSUM: 34d340a3d10b851aab4466b7d0250f1729b712f7

COCOAPODS: 1.8.4
