PODS:
  - boost-for-react-native (1.63.0)
  - BugsnagReactNative (2.12.6):
    - BugsnagReactNative/Core (= 2.12.6)
    - React
  - BugsnagReactNative/Core (2.12.6):
    - React
  - BVLinearGradient (2.5.3):
    - React
  - disklet (0.4.1):
    - React
  - DoubleConversion (1.1.5)
  - edge-login-ui-rn (0.5.18):
    - React
  - Firebase/Core (5.3.0):
    - Firebase/CoreOnly
    - FirebaseAnalytics (= 5.0.1)
  - Firebase/CoreOnly (5.3.0):
    - FirebaseCore (= 5.0.4)
  - FirebaseAnalytics (5.0.1):
    - FirebaseCore (~> 5.0)
    - FirebaseInstanceID (~> 3.0)
    - "GoogleToolboxForMac/NSData+zlib (~> 2.1)"
    - nanopb (~> 0.3)
  - FirebaseCore (5.0.4):
    - "GoogleToolboxForMac/NSData+zlib (~> 2.1)"
  - FirebaseInstanceID (3.1.1):
    - FirebaseCore (~> 5.0)
  - Folly (2016.09.26.00):
    - boost-for-react-native
    - DoubleConversion
    - glog
  - glog (0.3.4)
  - GoogleToolboxForMac/Defines (2.1.0)
  - "GoogleToolboxForMac/NSData+zlib (2.1.0)":
    - GoogleToolboxForMac/Defines (= 2.1.0)
  - nanopb (0.3.8):
    - nanopb/decode (= 0.3.8)
    - nanopb/encode (= 0.3.8)
  - nanopb/decode (0.3.8)
  - nanopb/encode (0.3.8)
  - Picker (4.3.7):
    - Picker/Core (= 4.3.7)
  - Picker/Core (4.3.7):
    - React
  - React (0.55.3):
    - React/Core (= 0.55.3)
  - react-native-camera (1.6.4):
    - React
    - react-native-camera/RCT (= 1.6.4)
    - react-native-camera/RN (= 1.6.4)
  - react-native-camera/RCT (1.6.4):
    - React
  - react-native-camera/RN (1.6.4):
    - React
  - react-native-contacts (2.2.5):
    - React
  - react-native-contacts-wrapper (0.2.4):
    - React
  - react-native-cookies (3.3.0):
    - React
  - react-native-fast-crypto (1.8.0):
    - React
  - react-native-firebase (4.3.8):
    - Firebase/Core
    - React
  - react-native-image-picker (0.28.0):
    - React
  - react-native-locale (0.0.17):
    - React
  - react-native-mail (3.0.6):
    - React
  - react-native-material-kit (0.3.4):
    - React
  - react-native-randombytes (3.5.1):
    - React
  - react-native-smart-splash-screen (2.3.5):
    - React
  - react-native-tcp (3.2.2):
    - React
  - react-native-webview (3.2.1):
    - React
  - React/Core (0.55.3):
    - yoga (= 0.55.3.React)
  - React/CxxBridge (0.55.3):
    - Folly (= 2016.09.26.00)
    - React/Core
    - React/cxxreact
  - React/cxxreact (0.55.3):
    - boost-for-react-native (= 1.63.0)
    - Folly (= 2016.09.26.00)
    - React/jschelpers
    - React/jsinspector
  - React/DevSupport (0.55.3):
    - React/Core
    - React/RCTWebSocket
  - React/fishhook (0.55.3)
  - React/jschelpers (0.55.3):
    - Folly (= 2016.09.26.00)
    - React/PrivateDatabase
  - React/jsinspector (0.55.3)
  - React/PrivateDatabase (0.55.3)
  - React/RCTAnimation (0.55.3):
    - React/Core
  - React/RCTBlob (0.55.3):
    - React/Core
  - React/RCTImage (0.55.3):
    - React/Core
    - React/RCTNetwork
  - React/RCTLinkingIOS (0.55.3):
    - React/Core
  - React/RCTNetwork (0.55.3):
    - React/Core
  - React/RCTPushNotification (0.55.3):
    - React/Core
  - React/RCTSettings (0.55.3):
    - React/Core
  - React/RCTText (0.55.3):
    - React/Core
  - React/RCTWebSocket (0.55.3):
    - React/Core
    - React/fishhook
    - React/RCTBlob
  - ReactNativePermissions (1.0.6):
    - React
  - RNBackgroundFetch (2.4.5):
    - React
  - RNDeviceInfo (0.21.5):
    - React
  - RNFS (2.13.3):
    - React
  - RNOpenAppSettings (1.0.0):
    - React
  - RNShare (1.1.3):
    - React
  - RNSound (0.10.9):
    - React/Core
    - RNSound/Core (= 0.10.9)
  - RNSound/Core (0.10.9):
    - React/Core
  - RNVectorIcons (6.1.0):
    - React
  - yoga (0.55.3.React)

DEPENDENCIES:
  - BugsnagReactNative (from `../node_modules/bugsnag-react-native`)
  - BVLinearGradient (from `../node_modules/react-native-linear-gradient`)
  - disklet (from `../node_modules/disklet`)
  - DoubleConversion (from `../node_modules/react-native/third-party-podspecs/DoubleConversion.podspec`)
  - edge-login-ui-rn (from `../node_modules/edge-login-ui-rn`)
  - Firebase/Core (~> 5.3.0)
  - Folly (from `../node_modules/react-native/third-party-podspecs/Folly.podspec`)
  - glog (from `../node_modules/react-native/third-party-podspecs/glog.podspec`)
  - Picker (from `../node_modules/react-native-picker`)
  - react-native-camera (from `../node_modules/react-native-camera`)
  - react-native-contacts (from `../node_modules/react-native-contacts`)
  - react-native-contacts-wrapper (from `../node_modules/react-native-contacts-wrapper`)
  - react-native-cookies (from `../node_modules/react-native-cookies`)
  - react-native-fast-crypto (from `../node_modules/react-native-fast-crypto`)
  - react-native-firebase (from `../node_modules/react-native-firebase`)
  - react-native-image-picker (from `../node_modules/react-native-image-picker`)
  - react-native-locale (from `../node_modules/react-native-locale`)
  - react-native-mail (from `../node_modules/react-native-mail`)
  - react-native-material-kit (from `../node_modules/react-native-material-kit`)
  - react-native-randombytes (from `../node_modules/react-native-randombytes`)
  - react-native-smart-splash-screen (from `../node_modules/react-native-smart-splash-screen`)
  - react-native-tcp (from `../node_modules/react-native-tcp`)
  - react-native-webview (from `../node_modules/react-native-webview`)
  - React/Core (from `../node_modules/react-native`)
  - React/CxxBridge (from `../node_modules/react-native`)
  - React/DevSupport (from `../node_modules/react-native`)
  - React/RCTAnimation (from `../node_modules/react-native`)
  - React/RCTImage (from `../node_modules/react-native`)
  - React/RCTLinkingIOS (from `../node_modules/react-native`)
  - React/RCTNetwork (from `../node_modules/react-native`)
  - React/RCTPushNotification (from `../node_modules/react-native`)
  - React/RCTSettings (from `../node_modules/react-native`)
  - React/RCTText (from `../node_modules/react-native`)
  - React/RCTWebSocket (from `../node_modules/react-native`)
  - ReactNativePermissions (from `../node_modules/react-native-permissions`)
  - RNBackgroundFetch (from `../node_modules/react-native-background-fetch`)
  - RNDeviceInfo (from `../node_modules/react-native-device-info`)
  - RNFS (from `../node_modules/react-native-fs`)
  - RNOpenAppSettings (from `../node_modules/react-native-app-settings`)
  - RNShare (from `../node_modules/react-native-share`)
  - RNSound (from `../node_modules/react-native-sound`)
  - RNVectorIcons (from `../node_modules/react-native-vector-icons`)
  - yoga (from `../node_modules/react-native/ReactCommon/yoga`)

SPEC REPOS:
  https://github.com/cocoapods/specs.git:
    - boost-for-react-native
    - Firebase
    - FirebaseAnalytics
    - FirebaseCore
    - FirebaseInstanceID
    - GoogleToolboxForMac
    - nanopb

EXTERNAL SOURCES:
  BugsnagReactNative:
    :path: "../node_modules/bugsnag-react-native"
  BVLinearGradient:
    :path: "../node_modules/react-native-linear-gradient"
  disklet:
    :path: "../node_modules/disklet"
  DoubleConversion:
    :podspec: "../node_modules/react-native/third-party-podspecs/DoubleConversion.podspec"
  edge-login-ui-rn:
    :path: "../node_modules/edge-login-ui-rn"
  Folly:
    :podspec: "../node_modules/react-native/third-party-podspecs/Folly.podspec"
  glog:
    :podspec: "../node_modules/react-native/third-party-podspecs/glog.podspec"
  Picker:
    :path: "../node_modules/react-native-picker"
  React:
    :path: "../node_modules/react-native"
  react-native-camera:
    :path: "../node_modules/react-native-camera"
  react-native-contacts:
    :path: "../node_modules/react-native-contacts"
  react-native-contacts-wrapper:
    :path: "../node_modules/react-native-contacts-wrapper"
  react-native-cookies:
    :path: "../node_modules/react-native-cookies"
  react-native-fast-crypto:
    :path: "../node_modules/react-native-fast-crypto"
  react-native-firebase:
    :path: "../node_modules/react-native-firebase"
  react-native-image-picker:
    :path: "../node_modules/react-native-image-picker"
  react-native-locale:
    :path: "../node_modules/react-native-locale"
  react-native-mail:
    :path: "../node_modules/react-native-mail"
  react-native-material-kit:
    :path: "../node_modules/react-native-material-kit"
  react-native-randombytes:
    :path: "../node_modules/react-native-randombytes"
  react-native-smart-splash-screen:
    :path: "../node_modules/react-native-smart-splash-screen"
  react-native-tcp:
    :path: "../node_modules/react-native-tcp"
  react-native-webview:
    :path: "../node_modules/react-native-webview"
  ReactNativePermissions:
    :path: "../node_modules/react-native-permissions"
  RNBackgroundFetch:
    :path: "../node_modules/react-native-background-fetch"
  RNDeviceInfo:
    :path: "../node_modules/react-native-device-info"
  RNFS:
    :path: "../node_modules/react-native-fs"
  RNOpenAppSettings:
    :path: "../node_modules/react-native-app-settings"
  RNShare:
    :path: "../node_modules/react-native-share"
  RNSound:
    :path: "../node_modules/react-native-sound"
  RNVectorIcons:
    :path: "../node_modules/react-native-vector-icons"
  yoga:
    :path: "../node_modules/react-native/ReactCommon/yoga"

SPEC CHECKSUMS:
  boost-for-react-native: 39c7adb57c4e60d6c5479dd8623128eb5b3f0f2c
  BugsnagReactNative: 7ba00c17a3dedfeea4dd011919962d415a231c49
  BVLinearGradient: 0d985ec461359c82bc254f26d11008bdae50d17a
  disklet: 0aca5091512a734c94cdfe2bd575794b38717d9e
  DoubleConversion: e22e0762848812a87afd67ffda3998d9ef29170c
  edge-login-ui-rn: 731ccf21f5fbda6fe2c562e3e92b57a09de9596f
  Firebase: 68afeeb05461db02d7c9e3215cda28068670f4aa
  FirebaseAnalytics: b3628aea54c50464c32c393fb2ea032566e7ecc2
  FirebaseCore: 62f1b792a49bb9e8b4073f24606d2c93ffc352f0
  FirebaseInstanceID: f3f0657372592ecdfdfe2cac604a5a75758376a6
  Folly: 211775e49d8da0ca658aebc8eab89d642935755c
  glog: 1de0bb937dccdc981596d3b5825ebfb765017ded
  GoogleToolboxForMac: 2b2596cbb7186865e98cadf2b1e262d851c2b168
  nanopb: 5601e6bca2dbf1ed831b519092ec110f66982ca3
  Picker: 37554355aef82a532ea95b71b6eeba66bc86182b
  React: 573d89cf10312b17920df6328eaf9ab8059283bf
  react-native-camera: 9547ea9ab91ef13476a4ad79ec329b1fe634df8c
  react-native-contacts: f6e5c518598762081ff9cf7c70db36f71668538e
  react-native-contacts-wrapper: a423605f89dba6b83edf481940736646f97cd25a
  react-native-cookies: 48615324004b541be94e9424f81224f0ba1ff68d
  react-native-fast-crypto: 750f36a496f0d5c8f6586dc1f0b7e210e86267bf
  react-native-firebase: c20ee01585998768935fc2cff74ff8e9740f1a73
  react-native-image-picker: e6e06d4315e3c85bad17e4b2002cd29f11d202c8
  react-native-locale: 4a82bd5e629130ff135d8090c05cf22115cd5b2f
  react-native-mail: 7ab61c6522cb955af4c5b9cebfefa070f96548c3
  react-native-material-kit: e779e910356c15278dcd2d2153b8656d24084c05
  react-native-randombytes: 1b6091800f62c6c393c6bc850ac089ebf63d4c0a
  react-native-smart-splash-screen: a961513689f11d63e8496684c2fa4be2d24fe23b
  react-native-tcp: ec39d0ce136873220a2895a0e89dc33804fe0def
  react-native-webview: 9a84bb3d5a10bc66924d25b0efda7d1376db28a1
  ReactNativePermissions: bf462424ca7823d1b8e6cb463184d6e7f151971b
  RNBackgroundFetch: 8098db4fee60e99afd8bcefa950e8d1760d733ba
  RNDeviceInfo: e7c5fcde13d40e161d8a27f6c5dc69c638936002
  RNFS: c9bbde46b0d59619f8e7b735991c60e0f73d22c1
  RNOpenAppSettings: 1169b90a275e9e18c5973e1608949f97d426e7f3
  RNShare: 4f206fa36e384e95a0cbf79f2a92490647e93127
  RNSound: 24fa73ccfa6236a0b493e3f4bf3c952028dc3ce2
  RNVectorIcons: ac7bf6bfeafaf3ad34552cdc6eed6fb8c4b7c940
  yoga: 9403c2451c1b47d8cee3e4f1b6fd0ececc63839c

PODFILE CHECKSUM: b39fe0413b216fc82c3295555b341263251dc082

COCOAPODS: 1.6.1
