// !$*UTF8*$!
{
	archiveVersion = 1;
	classes = {
	};
	objectVersion = 46;
	objects = {

/* Begin PBXBuildFile section */
		049D53B0E7A04E8E9FB81225 /* Roboto.ttf in Resources */ = {isa = PBXBuildFile; fileRef = 9A4EAE0CED4F4DBE9099BE5B /* Roboto.ttf */; };
		13B07FBC1A68108700A75B9A /* AppDelegate.m in Sources */ = {isa = PBXBuildFile; fileRef = 13B07FB01A68108700A75B9A /* AppDelegate.m */; };
		13B07FBF1A68108700A75B9A /* Images.xcassets in Resources */ = {isa = PBXBuildFile; fileRef = 13B07FB51A68108700A75B9A /* Images.xcassets */; };
		13B07FC11A68108700A75B9A /* main.m in Sources */ = {isa = PBXBuildFile; fileRef = 13B07FB71A68108700A75B9A /* main.m */; };
		224A82278CB1465E9E84DC30 /* SourceSansPro-Bold.ttf in Resources */ = {isa = PBXBuildFile; fileRef = 8D378044B6F0404F992F36CD /* SourceSansPro-Bold.ttf */; };
		237AB7A9983F4B67B540A565 /* MaterialIcons.ttf in Resources */ = {isa = PBXBuildFile; fileRef = 70AF6ADFA804412A874E948C /* MaterialIcons.ttf */; };
		26B52E61E77947A1A4E07707 /* FontAwesome5_Solid.ttf in Resources */ = {isa = PBXBuildFile; fileRef = FD256E3EDE9A4D5CA794D8AD /* FontAwesome5_Solid.ttf */; };
		31BE19EEE2CA4692A7873F5F /* SourceSansPro-BoldItalic.ttf in Resources */ = {isa = PBXBuildFile; fileRef = 27D9F41192F8419DA0531DFF /* SourceSansPro-BoldItalic.ttf */; };
		3D1368BD21DD76BB00DC8CE4 /* edge-core in Resources */ = {isa = PBXBuildFile; fileRef = 3D1368BC21DD76BB00DC8CE4 /* edge-core */; };
		3D2A4BE322934B0000E1EC61 /* blank.html in Resources */ = {isa = PBXBuildFile; fileRef = 3D2A4BE222934B0000E1EC61 /* blank.html */; };
		50FDCD65EBE045E282509085 /* SourceSansPro-Italic.ttf in Resources */ = {isa = PBXBuildFile; fileRef = AA0A843F10D9480786517FEF /* SourceSansPro-Italic.ttf */; };
		5753E201C6234F3D898201B7 /* rubicon-icon-font.ttf in Resources */ = {isa = PBXBuildFile; fileRef = CB5F84A172E9414BB03C915D /* rubicon-icon-font.ttf */; };
		5872448FDFE840DEBB46A6BA /* SourceSansPro-ExtraLightItalic.ttf in Resources */ = {isa = PBXBuildFile; fileRef = 38A5524778E84A41B960E513 /* SourceSansPro-ExtraLightItalic.ttf */; };
		5BAD66699331448D82B24104 /* FontAwesome5_Regular.ttf in Resources */ = {isa = PBXBuildFile; fileRef = B3F94957529C4939AD4E8BD9 /* FontAwesome5_Regular.ttf */; };
		5F0AA175FFCB452283063917 /* AntDesign.ttf in Resources */ = {isa = PBXBuildFile; fileRef = BC9BE38812E748DE91169D0A /* AntDesign.ttf */; };
		6ED8C12021BB685C00CC03C7 /* splash.png in Resources */ = {isa = PBXBuildFile; fileRef = 6ED8C11F21BB685C00CC03C7 /* splash.png */; };
		72FEADA163204A53BB83DDB1 /* EvilIcons.ttf in Resources */ = {isa = PBXBuildFile; fileRef = 6BD0166F832945D4A07ABA82 /* EvilIcons.ttf */; };
		77105E1044684D61B6B0B1EA /* SourceSansPro-Black.ttf in Resources */ = {isa = PBXBuildFile; fileRef = 6315893BA6CF465CB1E166CF /* SourceSansPro-Black.ttf */; };
		772873537EE6422F8F8E8CD3 /* FontAwesome.ttf in Resources */ = {isa = PBXBuildFile; fileRef = 067E24B3F6924143A3E3D7CA /* FontAwesome.ttf */; };
		7C52DF4E7F844CC48347C9B4 /* Zocial.ttf in Resources */ = {isa = PBXBuildFile; fileRef = DF62D00B1BE94D6E8890A424 /* Zocial.ttf */; };
		8CBFB9E2496842FC8F06CE3C /* SourceSansPro-Semibold.ttf in Resources */ = {isa = PBXBuildFile; fileRef = 5374C609A9164C53819F3FDD /* SourceSansPro-Semibold.ttf */; };
		8E1B3057B68149CCA355FDBF /* FontAwesome5_Brands.ttf in Resources */ = {isa = PBXBuildFile; fileRef = F7C7D268E2FC4EF68EACC927 /* FontAwesome5_Brands.ttf */; };
		96C02F0519DD4F08B16B79C9 /* SimpleLineIcons.ttf in Resources */ = {isa = PBXBuildFile; fileRef = 1DFA24CFCCD34ED081EE86CB /* SimpleLineIcons.ttf */; };
		98AF3B3B1F99F7D20083E087 /* audio_sent.mp3 in Resources */ = {isa = PBXBuildFile; fileRef = 98AF3B031F99F7D10083E087 /* audio_sent.mp3 */; };
		98AF3B3C1F99F7D20083E087 /* audio_received.mp3 in Resources */ = {isa = PBXBuildFile; fileRef = 98AF3B3A1F99F7D10083E087 /* audio_received.mp3 */; };
		9C77109EF9C7495E83B65835 /* Octicons.ttf in Resources */ = {isa = PBXBuildFile; fileRef = E22452AEA7F9422FA609E7B4 /* Octicons.ttf */; };
		A32373B436A54BE09CB501C5 /* font.ttf in Resources */ = {isa = PBXBuildFile; fileRef = 1FA75A7FCCEA4AACBBC97934 /* font.ttf */; };
		A80A1C7122A653DC00A5417B /* exchange_logo_fox_exchange.png in Resources */ = {isa = PBXBuildFile; fileRef = A80A1C6E22A653DC00A5417B /* exchange_logo_fox_exchange.png */; };
		A80A1C7222A653DC00A5417B /* exchange_logo_fox_exchange@2x.png in Resources */ = {isa = PBXBuildFile; fileRef = A80A1C6F22A653DC00A5417B /* exchange_logo_fox_exchange@2x.png */; };
		A80A1C7322A653DC00A5417B /* exchange_logo_fox_exchange@3x.png in Resources */ = {isa = PBXBuildFile; fileRef = A80A1C7022A653DC00A5417B /* exchange_logo_fox_exchange@3x.png */; };
		A88329F9AD044FEB8B7D2AA1 /* MaterialCommunityIcons.ttf in Resources */ = {isa = PBXBuildFile; fileRef = 497F4AA15A3F4601A2F7027F /* MaterialCommunityIcons.ttf */; };
		ABAD41DADC5F4A96990A421E /* Feather.ttf in Resources */ = {isa = PBXBuildFile; fileRef = F7BCB7447264484B9199BD43 /* Feather.ttf */; };
		AC40390740E9458CBD92E01B /* SF-UI-Text-Regular.otf in Resources */ = {isa = PBXBuildFile; fileRef = 0F91EE15341B486DB1AD6756 /* SF-UI-Text-Regular.otf */; };
		AF471FA30819438C9BA580DD /* SourceSansPro-LightItalic.ttf in Resources */ = {isa = PBXBuildFile; fileRef = 9EAB0D55879A45ADA4669286 /* SourceSansPro-LightItalic.ttf */; };
		B0EBAEF96518483CAAC1AE18 /* Entypo.ttf in Resources */ = {isa = PBXBuildFile; fileRef = 5ECF5E5D3F9F4DF78B80C565 /* Entypo.ttf */; };
		B1804E036A3340F9AB0CD987 /* Foundation.ttf in Resources */ = {isa = PBXBuildFile; fileRef = 813EA91F40DF41ECAB6C8C83 /* Foundation.ttf */; };
		B524052E4B614E5DB1524555 /* Roboto_medium.ttf in Resources */ = {isa = PBXBuildFile; fileRef = 2FA801C9862A4F139CE441F6 /* Roboto_medium.ttf */; };
		BBF0CDD08FB044868A4B510C /* SourceSansPro-SemiboldItalic.ttf in Resources */ = {isa = PBXBuildFile; fileRef = 7F94D33AFE62415995DED277 /* SourceSansPro-SemiboldItalic.ttf */; };
		D4AFF217F0F5431F869AC7C6 /* SourceSansPro-Light.ttf in Resources */ = {isa = PBXBuildFile; fileRef = 974007B695574483B608D669 /* SourceSansPro-Light.ttf */; };
		D6181FED10025926C9F176BD /* libPods-edge.a in Frameworks */ = {isa = PBXBuildFile; fileRef = DCFC9E062F0D18DD4E39B5C5 /* libPods-edge.a */; };
		DA285EAC2203BF3000F79CE6 /* exchange_logo_faast@3x.png in Resources */ = {isa = PBXBuildFile; fileRef = DA285EA92203BF2F00F79CE6 /* exchange_logo_faast@3x.png */; };
		DA285EAD2203BF3000F79CE6 /* exchange_logo_faast.png in Resources */ = {isa = PBXBuildFile; fileRef = DA285EAA2203BF2F00F79CE6 /* exchange_logo_faast.png */; };
		DA285EAE2203BF3000F79CE6 /* exchange_logo_faast@2x.png in Resources */ = {isa = PBXBuildFile; fileRef = DA285EAB2203BF2F00F79CE6 /* exchange_logo_faast@2x.png */; };
		DA89DDF820F2CFD70012B4BD /* GoogleService-Info.plist in Resources */ = {isa = PBXBuildFile; fileRef = DA89DDF720F2CFD70012B4BD /* GoogleService-Info.plist */; };
		DAF7C41220C505CC005B7898 /* plugins in Resources */ = {isa = PBXBuildFile; fileRef = DAF7C41120C505CC005B7898 /* plugins */; };
		E616C50E20F50FDB00F9252F /* iPadOnboarding2Horiz.png in Resources */ = {isa = PBXBuildFile; fileRef = E616C50120F50FDA00F9252F /* iPadOnboarding2Horiz.png */; };
		E616C51020F50FDB00F9252F /* iPadOnboarding4Horiz.png in Resources */ = {isa = PBXBuildFile; fileRef = E616C50320F50FDA00F9252F /* iPadOnboarding4Horiz.png */; };
		E616C51120F50FDB00F9252F /* iPadOnboarding1Horiz.png in Resources */ = {isa = PBXBuildFile; fileRef = E616C50420F50FDA00F9252F /* iPadOnboarding1Horiz.png */; };
		E616C51420F50FDB00F9252F /* iPadOnboarding3Horiz.png in Resources */ = {isa = PBXBuildFile; fileRef = E616C50720F50FDB00F9252F /* iPadOnboarding3Horiz.png */; };
		E616C52320F51B1A00F9252F /* iPadOnboarding1Vert.png in Resources */ = {isa = PBXBuildFile; fileRef = E616C51720F51B1800F9252F /* iPadOnboarding1Vert.png */; };
		E616C52820F51B1A00F9252F /* iPadOnboarding4Vert.png in Resources */ = {isa = PBXBuildFile; fileRef = E616C51C20F51B1900F9252F /* iPadOnboarding4Vert.png */; };
		E616C52C20F51B1A00F9252F /* iPadOnboarding2Vert.png in Resources */ = {isa = PBXBuildFile; fileRef = E616C52020F51B1900F9252F /* iPadOnboarding2Vert.png */; };
		E616C52D20F51B1A00F9252F /* iPadOnboarding3Vert.png in Resources */ = {isa = PBXBuildFile; fileRef = E616C52120F51B1A00F9252F /* iPadOnboarding3Vert.png */; };
		E62A1695210BBBA7002D2665 /* onboard1.png in Resources */ = {isa = PBXBuildFile; fileRef = E62A1694210BBBA7002D2665 /* onboard1.png */; };
		E62A1697210BBD3D002D2665 /* onboard5.png in Resources */ = {isa = PBXBuildFile; fileRef = E62A1696210BBD3D002D2665 /* onboard5.png */; };
		E638431C20EFE23300EA9FE9 /* alt_splash.png in Resources */ = {isa = PBXBuildFile; fileRef = E63842DA20EFE23300EA9FE9 /* alt_splash.png */; };
		E638432C20EFE33B00EA9FE9 /* onboard2.png in Resources */ = {isa = PBXBuildFile; fileRef = E638432020EFE33900EA9FE9 /* onboard2.png */; };
		E638432E20EFE33B00EA9FE9 /* onboard3.png in Resources */ = {isa = PBXBuildFile; fileRef = E638432220EFE33A00EA9FE9 /* onboard3.png */; };
		E638433020EFE33B00EA9FE9 /* onboard4.png in Resources */ = {isa = PBXBuildFile; fileRef = E638432420EFE33A00EA9FE9 /* onboard4.png */; };
		E6C089A7217E7ADB003DE9B9 /* exchange_logo_changelly.png in Resources */ = {isa = PBXBuildFile; fileRef = E6C0899B217E7AD7003DE9B9 /* exchange_logo_changelly.png */; };
		E6C089A9217E7ADB003DE9B9 /* exchange_logo_changenow.png in Resources */ = {isa = PBXBuildFile; fileRef = E6C0899D217E7AD8003DE9B9 /* exchange_logo_changenow.png */; };
		E6C089AA217E7ADB003DE9B9 /* exchange_logo_changenow@2x.png in Resources */ = {isa = PBXBuildFile; fileRef = E6C0899E217E7AD9003DE9B9 /* exchange_logo_changenow@2x.png */; };
		E6C089AB217E7ADB003DE9B9 /* exchange_logo_changenow@3x.png in Resources */ = {isa = PBXBuildFile; fileRef = E6C0899F217E7AD9003DE9B9 /* exchange_logo_changenow@3x.png */; };
		E6C089AC217E7ADB003DE9B9 /* exchange_logo_shapeshift.png in Resources */ = {isa = PBXBuildFile; fileRef = E6C089A0217E7AD9003DE9B9 /* exchange_logo_shapeshift.png */; };
		E6C089AD217E7ADB003DE9B9 /* exchange_logo_shapeshift@2x.png in Resources */ = {isa = PBXBuildFile; fileRef = E6C089A1217E7AD9003DE9B9 /* exchange_logo_shapeshift@2x.png */; };
		E6C089AE217E7ADB003DE9B9 /* exchange_logo_shapeshift@3x.png in Resources */ = {isa = PBXBuildFile; fileRef = E6C089A2217E7ADA003DE9B9 /* exchange_logo_shapeshift@3x.png */; };
		E6C089B0217E7ADB003DE9B9 /* exchange_logo_changelly@3x.png in Resources */ = {isa = PBXBuildFile; fileRef = E6C089A4217E7ADA003DE9B9 /* exchange_logo_changelly@3x.png */; };
		E6C089B1217E7ADB003DE9B9 /* exchange_logo_changelly@2x.png in Resources */ = {isa = PBXBuildFile; fileRef = E6C089A5217E7ADB003DE9B9 /* exchange_logo_changelly@2x.png */; };
		E6DBE8AE210C937200C52ABE /* onboardX2.png in Resources */ = {isa = PBXBuildFile; fileRef = E6DBE8A7210C937100C52ABE /* onboardX2.png */; };
		E6DBE8AF210C937200C52ABE /* iPadOnboarding5Horiz.png in Resources */ = {isa = PBXBuildFile; fileRef = E6DBE8A8210C937100C52ABE /* iPadOnboarding5Horiz.png */; };
		E6DBE8B0210C937200C52ABE /* iPadOnboarding5Vert.png in Resources */ = {isa = PBXBuildFile; fileRef = E6DBE8A9210C937100C52ABE /* iPadOnboarding5Vert.png */; };
		E6DBE8B1210C937200C52ABE /* onboardX1.png in Resources */ = {isa = PBXBuildFile; fileRef = E6DBE8AA210C937200C52ABE /* onboardX1.png */; };
		E6DBE8B2210C937200C52ABE /* onboardX3.png in Resources */ = {isa = PBXBuildFile; fileRef = E6DBE8AB210C937200C52ABE /* onboardX3.png */; };
		E6DBE8B3210C937200C52ABE /* onboardX5.png in Resources */ = {isa = PBXBuildFile; fileRef = E6DBE8AC210C937200C52ABE /* onboardX5.png */; };
		E6DBE8B4210C937200C52ABE /* onboardX4.png in Resources */ = {isa = PBXBuildFile; fileRef = E6DBE8AD210C937200C52ABE /* onboardX4.png */; };
		ED5310DCFBF946DFA36CC462 /* Ionicons.ttf in Resources */ = {isa = PBXBuildFile; fileRef = A4F20FA41E19409A93306235 /* Ionicons.ttf */; };
		F0D7D6C909584919867CD8B5 /* SourceSansPro-BlackItalic.ttf in Resources */ = {isa = PBXBuildFile; fileRef = 3174EFC33129444580156447 /* SourceSansPro-BlackItalic.ttf */; };
		F3343A739BF04CF1B73A6AA6 /* SourceSansPro-Regular.ttf in Resources */ = {isa = PBXBuildFile; fileRef = 8203ECA416CB4127BE7B00B3 /* SourceSansPro-Regular.ttf */; };
		F4A41DF580AB4DA18363D332 /* SourceSansPro-ExtraLight.ttf in Resources */ = {isa = PBXBuildFile; fileRef = 67EDE898A18B445AB08D1ED3 /* SourceSansPro-ExtraLight.ttf */; };
		FD982BCC1FACDEF00057F035 /* LaunchScreen.xib in Resources */ = {isa = PBXBuildFile; fileRef = FD982BCB1FACDEF00057F035 /* LaunchScreen.xib */; };
/* End PBXBuildFile section */

/* Begin PBXFileReference section */
		067E24B3F6924143A3E3D7CA /* FontAwesome.ttf */ = {isa = PBXFileReference; explicitFileType = undefined; fileEncoding = 9; includeInIndex = 0; lastKnownFileType = unknown; name = FontAwesome.ttf; path = "../node_modules/react-native-vector-icons/Fonts/FontAwesome.ttf"; sourceTree = "<group>"; };
		0F91EE15341B486DB1AD6756 /* SF-UI-Text-Regular.otf */ = {isa = PBXFileReference; explicitFileType = undefined; fileEncoding = 9; includeInIndex = 0; lastKnownFileType = unknown; name = "SF-UI-Text-Regular.otf"; path = "../src/assets/fonts/SF-UI-Text-Regular.otf"; sourceTree = "<group>"; };
		13B07F961A680F5B00A75B9A /* edge.app */ = {isa = PBXFileReference; explicitFileType = wrapper.application; includeInIndex = 0; path = edge.app; sourceTree = BUILT_PRODUCTS_DIR; };
		13B07FAF1A68108700A75B9A /* AppDelegate.h */ = {isa = PBXFileReference; fileEncoding = 4; lastKnownFileType = sourcecode.c.h; name = AppDelegate.h; path = edge/AppDelegate.h; sourceTree = "<group>"; };
		13B07FB01A68108700A75B9A /* AppDelegate.m */ = {isa = PBXFileReference; fileEncoding = 4; lastKnownFileType = sourcecode.c.objc; name = AppDelegate.m; path = edge/AppDelegate.m; sourceTree = "<group>"; };
		13B07FB51A68108700A75B9A /* Images.xcassets */ = {isa = PBXFileReference; lastKnownFileType = folder.assetcatalog; name = Images.xcassets; path = edge/Images.xcassets; sourceTree = "<group>"; };
		13B07FB61A68108700A75B9A /* Info.plist */ = {isa = PBXFileReference; fileEncoding = 4; lastKnownFileType = text.plist.xml; name = Info.plist; path = edge/Info.plist; sourceTree = "<group>"; };
		13B07FB71A68108700A75B9A /* main.m */ = {isa = PBXFileReference; fileEncoding = 4; lastKnownFileType = sourcecode.c.objc; name = main.m; path = edge/main.m; sourceTree = "<group>"; };
		1DFA24CFCCD34ED081EE86CB /* SimpleLineIcons.ttf */ = {isa = PBXFileReference; explicitFileType = undefined; fileEncoding = 9; includeInIndex = 0; lastKnownFileType = unknown; name = SimpleLineIcons.ttf; path = "../node_modules/react-native-vector-icons/Fonts/SimpleLineIcons.ttf"; sourceTree = "<group>"; };
		1FA75A7FCCEA4AACBBC97934 /* font.ttf */ = {isa = PBXFileReference; explicitFileType = undefined; fileEncoding = 9; includeInIndex = 0; lastKnownFileType = unknown; name = font.ttf; path = ../src/assets/fonts/font.ttf; sourceTree = "<group>"; };
		27D9F41192F8419DA0531DFF /* SourceSansPro-BoldItalic.ttf */ = {isa = PBXFileReference; explicitFileType = undefined; fileEncoding = 9; includeInIndex = 0; lastKnownFileType = unknown; name = "SourceSansPro-BoldItalic.ttf"; path = "../src/assets/fonts/SourceSansPro-BoldItalic.ttf"; sourceTree = "<group>"; };
		2FA801C9862A4F139CE441F6 /* Roboto_medium.ttf */ = {isa = PBXFileReference; explicitFileType = undefined; fileEncoding = 9; includeInIndex = 0; lastKnownFileType = unknown; name = Roboto_medium.ttf; path = "../node_modules/native-base/Fonts/Roboto_medium.ttf"; sourceTree = "<group>"; };
		3174EFC33129444580156447 /* SourceSansPro-BlackItalic.ttf */ = {isa = PBXFileReference; explicitFileType = undefined; fileEncoding = 9; includeInIndex = 0; lastKnownFileType = unknown; name = "SourceSansPro-BlackItalic.ttf"; path = "../src/assets/fonts/SourceSansPro-BlackItalic.ttf"; sourceTree = "<group>"; };
		38A5524778E84A41B960E513 /* SourceSansPro-ExtraLightItalic.ttf */ = {isa = PBXFileReference; explicitFileType = undefined; fileEncoding = 9; includeInIndex = 0; lastKnownFileType = unknown; name = "SourceSansPro-ExtraLightItalic.ttf"; path = "../src/assets/fonts/SourceSansPro-ExtraLightItalic.ttf"; sourceTree = "<group>"; };
		3D1368BC21DD76BB00DC8CE4 /* edge-core */ = {isa = PBXFileReference; lastKnownFileType = folder; name = "edge-core"; path = "../android/app/src/main/assets/edge-core"; sourceTree = "<group>"; };
		3D2A4BE222934B0000E1EC61 /* blank.html */ = {isa = PBXFileReference; fileEncoding = 4; lastKnownFileType = text.html; name = blank.html; path = ../android/app/src/main/assets/blank.html; sourceTree = "<group>"; };
		497F4AA15A3F4601A2F7027F /* MaterialCommunityIcons.ttf */ = {isa = PBXFileReference; explicitFileType = undefined; fileEncoding = 9; includeInIndex = 0; lastKnownFileType = unknown; name = MaterialCommunityIcons.ttf; path = "../node_modules/react-native-vector-icons/Fonts/MaterialCommunityIcons.ttf"; sourceTree = "<group>"; };
		5374C609A9164C53819F3FDD /* SourceSansPro-Semibold.ttf */ = {isa = PBXFileReference; explicitFileType = undefined; fileEncoding = 9; includeInIndex = 0; lastKnownFileType = unknown; name = "SourceSansPro-Semibold.ttf"; path = "../src/assets/fonts/SourceSansPro-Semibold.ttf"; sourceTree = "<group>"; };
		550016E295D7C4722CD35EF9 /* Pods-edge.debug.xcconfig */ = {isa = PBXFileReference; includeInIndex = 1; lastKnownFileType = text.xcconfig; name = "Pods-edge.debug.xcconfig"; path = "Pods/Target Support Files/Pods-edge/Pods-edge.debug.xcconfig"; sourceTree = "<group>"; };
		5ECF5E5D3F9F4DF78B80C565 /* Entypo.ttf */ = {isa = PBXFileReference; explicitFileType = undefined; fileEncoding = 9; includeInIndex = 0; lastKnownFileType = unknown; name = Entypo.ttf; path = "../node_modules/react-native-vector-icons/Fonts/Entypo.ttf"; sourceTree = "<group>"; };
		6315893BA6CF465CB1E166CF /* SourceSansPro-Black.ttf */ = {isa = PBXFileReference; explicitFileType = undefined; fileEncoding = 9; includeInIndex = 0; lastKnownFileType = unknown; name = "SourceSansPro-Black.ttf"; path = "../src/assets/fonts/SourceSansPro-Black.ttf"; sourceTree = "<group>"; };
		67EDE898A18B445AB08D1ED3 /* SourceSansPro-ExtraLight.ttf */ = {isa = PBXFileReference; explicitFileType = undefined; fileEncoding = 9; includeInIndex = 0; lastKnownFileType = unknown; name = "SourceSansPro-ExtraLight.ttf"; path = "../src/assets/fonts/SourceSansPro-ExtraLight.ttf"; sourceTree = "<group>"; };
		6BD0166F832945D4A07ABA82 /* EvilIcons.ttf */ = {isa = PBXFileReference; explicitFileType = undefined; fileEncoding = 9; includeInIndex = 0; lastKnownFileType = unknown; name = EvilIcons.ttf; path = "../node_modules/react-native-vector-icons/Fonts/EvilIcons.ttf"; sourceTree = "<group>"; };
		6ED8C11F21BB685C00CC03C7 /* splash.png */ = {isa = PBXFileReference; lastKnownFileType = image.png; path = splash.png; sourceTree = "<group>"; };
		70AF6ADFA804412A874E948C /* MaterialIcons.ttf */ = {isa = PBXFileReference; explicitFileType = undefined; fileEncoding = 9; includeInIndex = 0; lastKnownFileType = unknown; name = MaterialIcons.ttf; path = "../node_modules/react-native-vector-icons/Fonts/MaterialIcons.ttf"; sourceTree = "<group>"; };
		7F94D33AFE62415995DED277 /* SourceSansPro-SemiboldItalic.ttf */ = {isa = PBXFileReference; explicitFileType = undefined; fileEncoding = 9; includeInIndex = 0; lastKnownFileType = unknown; name = "SourceSansPro-SemiboldItalic.ttf"; path = "../src/assets/fonts/SourceSansPro-SemiboldItalic.ttf"; sourceTree = "<group>"; };
		813EA91F40DF41ECAB6C8C83 /* Foundation.ttf */ = {isa = PBXFileReference; explicitFileType = undefined; fileEncoding = 9; includeInIndex = 0; lastKnownFileType = unknown; name = Foundation.ttf; path = "../node_modules/react-native-vector-icons/Fonts/Foundation.ttf"; sourceTree = "<group>"; };
		8203ECA416CB4127BE7B00B3 /* SourceSansPro-Regular.ttf */ = {isa = PBXFileReference; explicitFileType = undefined; fileEncoding = 9; includeInIndex = 0; lastKnownFileType = unknown; name = "SourceSansPro-Regular.ttf"; path = "../src/assets/fonts/SourceSansPro-Regular.ttf"; sourceTree = "<group>"; };
		8D378044B6F0404F992F36CD /* SourceSansPro-Bold.ttf */ = {isa = PBXFileReference; explicitFileType = undefined; fileEncoding = 9; includeInIndex = 0; lastKnownFileType = unknown; name = "SourceSansPro-Bold.ttf"; path = "../src/assets/fonts/SourceSansPro-Bold.ttf"; sourceTree = "<group>"; };
		974007B695574483B608D669 /* SourceSansPro-Light.ttf */ = {isa = PBXFileReference; explicitFileType = undefined; fileEncoding = 9; includeInIndex = 0; lastKnownFileType = unknown; name = "SourceSansPro-Light.ttf"; path = "../src/assets/fonts/SourceSansPro-Light.ttf"; sourceTree = "<group>"; };
		98AF3B031F99F7D10083E087 /* audio_sent.mp3 */ = {isa = PBXFileReference; lastKnownFileType = audio.mp3; name = audio_sent.mp3; path = ../android/app/src/main/res/raw/audio_sent.mp3; sourceTree = "<group>"; };
		98AF3B3A1F99F7D10083E087 /* audio_received.mp3 */ = {isa = PBXFileReference; lastKnownFileType = audio.mp3; name = audio_received.mp3; path = ../android/app/src/main/res/raw/audio_received.mp3; sourceTree = "<group>"; };
		9A4EAE0CED4F4DBE9099BE5B /* Roboto.ttf */ = {isa = PBXFileReference; explicitFileType = undefined; fileEncoding = 9; includeInIndex = 0; lastKnownFileType = unknown; name = Roboto.ttf; path = "../node_modules/native-base/Fonts/Roboto.ttf"; sourceTree = "<group>"; };
		9EAB0D55879A45ADA4669286 /* SourceSansPro-LightItalic.ttf */ = {isa = PBXFileReference; explicitFileType = undefined; fileEncoding = 9; includeInIndex = 0; lastKnownFileType = unknown; name = "SourceSansPro-LightItalic.ttf"; path = "../src/assets/fonts/SourceSansPro-LightItalic.ttf"; sourceTree = "<group>"; };
		A0587BF5EC0B93837E5E83BE /* Pods-edge.release.xcconfig */ = {isa = PBXFileReference; includeInIndex = 1; lastKnownFileType = text.xcconfig; name = "Pods-edge.release.xcconfig"; path = "Pods/Target Support Files/Pods-edge/Pods-edge.release.xcconfig"; sourceTree = "<group>"; };
		A4F20FA41E19409A93306235 /* Ionicons.ttf */ = {isa = PBXFileReference; explicitFileType = undefined; fileEncoding = 9; includeInIndex = 0; lastKnownFileType = unknown; name = Ionicons.ttf; path = "../node_modules/react-native-vector-icons/Fonts/Ionicons.ttf"; sourceTree = "<group>"; };
		A80A1C6E22A653DC00A5417B /* exchange_logo_fox_exchange.png */ = {isa = PBXFileReference; lastKnownFileType = image.png; path = exchange_logo_fox_exchange.png; sourceTree = "<group>"; };
		A80A1C6F22A653DC00A5417B /* exchange_logo_fox_exchange@2x.png */ = {isa = PBXFileReference; lastKnownFileType = image.png; path = "exchange_logo_fox_exchange@2x.png"; sourceTree = "<group>"; };
		A80A1C7022A653DC00A5417B /* exchange_logo_fox_exchange@3x.png */ = {isa = PBXFileReference; lastKnownFileType = image.png; path = "exchange_logo_fox_exchange@3x.png"; sourceTree = "<group>"; };
		AA0A843F10D9480786517FEF /* SourceSansPro-Italic.ttf */ = {isa = PBXFileReference; explicitFileType = undefined; fileEncoding = 9; includeInIndex = 0; lastKnownFileType = unknown; name = "SourceSansPro-Italic.ttf"; path = "../src/assets/fonts/SourceSansPro-Italic.ttf"; sourceTree = "<group>"; };
		B3F94957529C4939AD4E8BD9 /* FontAwesome5_Regular.ttf */ = {isa = PBXFileReference; explicitFileType = undefined; fileEncoding = 9; includeInIndex = 0; lastKnownFileType = unknown; name = FontAwesome5_Regular.ttf; path = "../node_modules/react-native-vector-icons/Fonts/FontAwesome5_Regular.ttf"; sourceTree = "<group>"; };
		BC9BE38812E748DE91169D0A /* AntDesign.ttf */ = {isa = PBXFileReference; explicitFileType = undefined; fileEncoding = 9; includeInIndex = 0; lastKnownFileType = unknown; name = AntDesign.ttf; path = "../node_modules/react-native-vector-icons/Fonts/AntDesign.ttf"; sourceTree = "<group>"; };
		CB5F84A172E9414BB03C915D /* rubicon-icon-font.ttf */ = {isa = PBXFileReference; explicitFileType = undefined; fileEncoding = 9; includeInIndex = 0; lastKnownFileType = unknown; name = "rubicon-icon-font.ttf"; path = "../node_modules/native-base/Fonts/rubicon-icon-font.ttf"; sourceTree = "<group>"; };
		DA285EA92203BF2F00F79CE6 /* exchange_logo_faast@3x.png */ = {isa = PBXFileReference; lastKnownFileType = image.png; path = "exchange_logo_faast@3x.png"; sourceTree = "<group>"; };
		DA285EAA2203BF2F00F79CE6 /* exchange_logo_faast.png */ = {isa = PBXFileReference; lastKnownFileType = image.png; path = exchange_logo_faast.png; sourceTree = "<group>"; };
		DA285EAB2203BF2F00F79CE6 /* exchange_logo_faast@2x.png */ = {isa = PBXFileReference; lastKnownFileType = image.png; path = "exchange_logo_faast@2x.png"; sourceTree = "<group>"; };
		DA89DDF720F2CFD70012B4BD /* GoogleService-Info.plist */ = {isa = PBXFileReference; fileEncoding = 4; lastKnownFileType = text.plist.xml; name = "GoogleService-Info.plist"; path = "edge/GoogleService-Info.plist"; sourceTree = "<group>"; };
		DAF7C41120C505CC005B7898 /* plugins */ = {isa = PBXFileReference; lastKnownFileType = folder; path = plugins; sourceTree = "<group>"; };
		DCFC9E062F0D18DD4E39B5C5 /* libPods-edge.a */ = {isa = PBXFileReference; explicitFileType = archive.ar; includeInIndex = 0; path = "libPods-edge.a"; sourceTree = BUILT_PRODUCTS_DIR; };
		DF62D00B1BE94D6E8890A424 /* Zocial.ttf */ = {isa = PBXFileReference; explicitFileType = undefined; fileEncoding = 9; includeInIndex = 0; lastKnownFileType = unknown; name = Zocial.ttf; path = "../node_modules/react-native-vector-icons/Fonts/Zocial.ttf"; sourceTree = "<group>"; };
		E22452AEA7F9422FA609E7B4 /* Octicons.ttf */ = {isa = PBXFileReference; explicitFileType = undefined; fileEncoding = 9; includeInIndex = 0; lastKnownFileType = unknown; name = Octicons.ttf; path = "../node_modules/react-native-vector-icons/Fonts/Octicons.ttf"; sourceTree = "<group>"; };
		E616C50120F50FDA00F9252F /* iPadOnboarding2Horiz.png */ = {isa = PBXFileReference; lastKnownFileType = image.png; path = iPadOnboarding2Horiz.png; sourceTree = "<group>"; };
		E616C50320F50FDA00F9252F /* iPadOnboarding4Horiz.png */ = {isa = PBXFileReference; lastKnownFileType = image.png; path = iPadOnboarding4Horiz.png; sourceTree = "<group>"; };
		E616C50420F50FDA00F9252F /* iPadOnboarding1Horiz.png */ = {isa = PBXFileReference; lastKnownFileType = image.png; path = iPadOnboarding1Horiz.png; sourceTree = "<group>"; };
		E616C50720F50FDB00F9252F /* iPadOnboarding3Horiz.png */ = {isa = PBXFileReference; lastKnownFileType = image.png; path = iPadOnboarding3Horiz.png; sourceTree = "<group>"; };
		E616C51720F51B1800F9252F /* iPadOnboarding1Vert.png */ = {isa = PBXFileReference; lastKnownFileType = image.png; path = iPadOnboarding1Vert.png; sourceTree = "<group>"; };
		E616C51C20F51B1900F9252F /* iPadOnboarding4Vert.png */ = {isa = PBXFileReference; lastKnownFileType = image.png; path = iPadOnboarding4Vert.png; sourceTree = "<group>"; };
		E616C52020F51B1900F9252F /* iPadOnboarding2Vert.png */ = {isa = PBXFileReference; lastKnownFileType = image.png; path = iPadOnboarding2Vert.png; sourceTree = "<group>"; };
		E616C52120F51B1A00F9252F /* iPadOnboarding3Vert.png */ = {isa = PBXFileReference; lastKnownFileType = image.png; path = iPadOnboarding3Vert.png; sourceTree = "<group>"; };
		E62A1694210BBBA7002D2665 /* onboard1.png */ = {isa = PBXFileReference; lastKnownFileType = image.png; path = onboard1.png; sourceTree = "<group>"; };
		E62A1696210BBD3D002D2665 /* onboard5.png */ = {isa = PBXFileReference; lastKnownFileType = image.png; path = onboard5.png; sourceTree = "<group>"; };
		E63842DA20EFE23300EA9FE9 /* alt_splash.png */ = {isa = PBXFileReference; lastKnownFileType = image.png; path = alt_splash.png; sourceTree = "<group>"; };
		E638432020EFE33900EA9FE9 /* onboard2.png */ = {isa = PBXFileReference; lastKnownFileType = image.png; path = onboard2.png; sourceTree = "<group>"; };
		E638432220EFE33A00EA9FE9 /* onboard3.png */ = {isa = PBXFileReference; lastKnownFileType = image.png; path = onboard3.png; sourceTree = "<group>"; };
		E638432420EFE33A00EA9FE9 /* onboard4.png */ = {isa = PBXFileReference; lastKnownFileType = image.png; path = onboard4.png; sourceTree = "<group>"; };
		E682D9AD200DF9A70042F9BA /* edge.entitlements */ = {isa = PBXFileReference; lastKnownFileType = text.plist.entitlements; name = edge.entitlements; path = edge/edge.entitlements; sourceTree = "<group>"; };
		E6C0899B217E7AD7003DE9B9 /* exchange_logo_changelly.png */ = {isa = PBXFileReference; lastKnownFileType = image.png; path = exchange_logo_changelly.png; sourceTree = "<group>"; };
		E6C0899D217E7AD8003DE9B9 /* exchange_logo_changenow.png */ = {isa = PBXFileReference; lastKnownFileType = image.png; path = exchange_logo_changenow.png; sourceTree = "<group>"; };
		E6C0899E217E7AD9003DE9B9 /* exchange_logo_changenow@2x.png */ = {isa = PBXFileReference; lastKnownFileType = image.png; path = "exchange_logo_changenow@2x.png"; sourceTree = "<group>"; };
		E6C0899F217E7AD9003DE9B9 /* exchange_logo_changenow@3x.png */ = {isa = PBXFileReference; lastKnownFileType = image.png; path = "exchange_logo_changenow@3x.png"; sourceTree = "<group>"; };
		E6C089A0217E7AD9003DE9B9 /* exchange_logo_shapeshift.png */ = {isa = PBXFileReference; lastKnownFileType = image.png; path = exchange_logo_shapeshift.png; sourceTree = "<group>"; };
		E6C089A1217E7AD9003DE9B9 /* exchange_logo_shapeshift@2x.png */ = {isa = PBXFileReference; lastKnownFileType = image.png; path = "exchange_logo_shapeshift@2x.png"; sourceTree = "<group>"; };
		E6C089A2217E7ADA003DE9B9 /* exchange_logo_shapeshift@3x.png */ = {isa = PBXFileReference; lastKnownFileType = image.png; path = "exchange_logo_shapeshift@3x.png"; sourceTree = "<group>"; };
		E6C089A4217E7ADA003DE9B9 /* exchange_logo_changelly@3x.png */ = {isa = PBXFileReference; lastKnownFileType = image.png; path = "exchange_logo_changelly@3x.png"; sourceTree = "<group>"; };
		E6C089A5217E7ADB003DE9B9 /* exchange_logo_changelly@2x.png */ = {isa = PBXFileReference; lastKnownFileType = image.png; path = "exchange_logo_changelly@2x.png"; sourceTree = "<group>"; };
		E6DBE8A7210C937100C52ABE /* onboardX2.png */ = {isa = PBXFileReference; lastKnownFileType = image.png; path = onboardX2.png; sourceTree = "<group>"; };
		E6DBE8A8210C937100C52ABE /* iPadOnboarding5Horiz.png */ = {isa = PBXFileReference; lastKnownFileType = image.png; path = iPadOnboarding5Horiz.png; sourceTree = "<group>"; };
		E6DBE8A9210C937100C52ABE /* iPadOnboarding5Vert.png */ = {isa = PBXFileReference; lastKnownFileType = image.png; path = iPadOnboarding5Vert.png; sourceTree = "<group>"; };
		E6DBE8AA210C937200C52ABE /* onboardX1.png */ = {isa = PBXFileReference; lastKnownFileType = image.png; path = onboardX1.png; sourceTree = "<group>"; };
		E6DBE8AB210C937200C52ABE /* onboardX3.png */ = {isa = PBXFileReference; lastKnownFileType = image.png; path = onboardX3.png; sourceTree = "<group>"; };
		E6DBE8AC210C937200C52ABE /* onboardX5.png */ = {isa = PBXFileReference; lastKnownFileType = image.png; path = onboardX5.png; sourceTree = "<group>"; };
		E6DBE8AD210C937200C52ABE /* onboardX4.png */ = {isa = PBXFileReference; lastKnownFileType = image.png; path = onboardX4.png; sourceTree = "<group>"; };
		F7BCB7447264484B9199BD43 /* Feather.ttf */ = {isa = PBXFileReference; explicitFileType = undefined; fileEncoding = 9; includeInIndex = 0; lastKnownFileType = unknown; name = Feather.ttf; path = "../node_modules/react-native-vector-icons/Fonts/Feather.ttf"; sourceTree = "<group>"; };
		F7C7D268E2FC4EF68EACC927 /* FontAwesome5_Brands.ttf */ = {isa = PBXFileReference; explicitFileType = undefined; fileEncoding = 9; includeInIndex = 0; lastKnownFileType = unknown; name = FontAwesome5_Brands.ttf; path = "../node_modules/react-native-vector-icons/Fonts/FontAwesome5_Brands.ttf"; sourceTree = "<group>"; };
		FD256E3EDE9A4D5CA794D8AD /* FontAwesome5_Solid.ttf */ = {isa = PBXFileReference; explicitFileType = undefined; fileEncoding = 9; includeInIndex = 0; lastKnownFileType = unknown; name = FontAwesome5_Solid.ttf; path = "../node_modules/react-native-vector-icons/Fonts/FontAwesome5_Solid.ttf"; sourceTree = "<group>"; };
		FD982BCB1FACDEF00057F035 /* LaunchScreen.xib */ = {isa = PBXFileReference; fileEncoding = 4; lastKnownFileType = file.xib; path = LaunchScreen.xib; sourceTree = "<group>"; };
/* End PBXFileReference section */

/* Begin PBXFrameworksBuildPhase section */
		13B07F8C1A680F5B00A75B9A /* Frameworks */ = {
			isa = PBXFrameworksBuildPhase;
			buildActionMask = 2147483647;
			files = (
				D6181FED10025926C9F176BD /* libPods-edge.a in Frameworks */,
			);
			runOnlyForDeploymentPostprocessing = 0;
		};
/* End PBXFrameworksBuildPhase section */

/* Begin PBXGroup section */
		1189D14E429D3398A100CB8A /* Pods */ = {
			isa = PBXGroup;
			children = (
				550016E295D7C4722CD35EF9 /* Pods-edge.debug.xcconfig */,
				A0587BF5EC0B93837E5E83BE /* Pods-edge.release.xcconfig */,
			);
			name = Pods;
			sourceTree = "<group>";
		};
		13B07FAE1A68108700A75B9A /* edge */ = {
			isa = PBXGroup;
			children = (
				DA89DDF720F2CFD70012B4BD /* GoogleService-Info.plist */,
				E682D9AD200DF9A70042F9BA /* edge.entitlements */,
				13B07FAF1A68108700A75B9A /* AppDelegate.h */,
				13B07FB01A68108700A75B9A /* AppDelegate.m */,
				13B07FB51A68108700A75B9A /* Images.xcassets */,
				13B07FB61A68108700A75B9A /* Info.plist */,
				13B07FB71A68108700A75B9A /* main.m */,
			);
			name = edge;
			sourceTree = "<group>";
		};
		3BB21E930C5F437EB1EAE492 /* Resources */ = {
			isa = PBXGroup;
			children = (
				3D2A4BE222934B0000E1EC61 /* blank.html */,
				BC9BE38812E748DE91169D0A /* AntDesign.ttf */,
				98AF3B3A1F99F7D10083E087 /* audio_received.mp3 */,
				98AF3B031F99F7D10083E087 /* audio_sent.mp3 */,
				3D1368BC21DD76BB00DC8CE4 /* edge-core */,
				5ECF5E5D3F9F4DF78B80C565 /* Entypo.ttf */,
				6BD0166F832945D4A07ABA82 /* EvilIcons.ttf */,
				F7BCB7447264484B9199BD43 /* Feather.ttf */,
				1FA75A7FCCEA4AACBBC97934 /* font.ttf */,
				067E24B3F6924143A3E3D7CA /* FontAwesome.ttf */,
				F7C7D268E2FC4EF68EACC927 /* FontAwesome5_Brands.ttf */,
				B3F94957529C4939AD4E8BD9 /* FontAwesome5_Regular.ttf */,
				FD256E3EDE9A4D5CA794D8AD /* FontAwesome5_Solid.ttf */,
				813EA91F40DF41ECAB6C8C83 /* Foundation.ttf */,
				A4F20FA41E19409A93306235 /* Ionicons.ttf */,
				497F4AA15A3F4601A2F7027F /* MaterialCommunityIcons.ttf */,
				70AF6ADFA804412A874E948C /* MaterialIcons.ttf */,
				E22452AEA7F9422FA609E7B4 /* Octicons.ttf */,
				DAF7C41120C505CC005B7898 /* plugins */,
				2FA801C9862A4F139CE441F6 /* Roboto_medium.ttf */,
				9A4EAE0CED4F4DBE9099BE5B /* Roboto.ttf */,
				CB5F84A172E9414BB03C915D /* rubicon-icon-font.ttf */,
				0F91EE15341B486DB1AD6756 /* SF-UI-Text-Regular.otf */,
				1DFA24CFCCD34ED081EE86CB /* SimpleLineIcons.ttf */,
				6315893BA6CF465CB1E166CF /* SourceSansPro-Black.ttf */,
				3174EFC33129444580156447 /* SourceSansPro-BlackItalic.ttf */,
				8D378044B6F0404F992F36CD /* SourceSansPro-Bold.ttf */,
				27D9F41192F8419DA0531DFF /* SourceSansPro-BoldItalic.ttf */,
				67EDE898A18B445AB08D1ED3 /* SourceSansPro-ExtraLight.ttf */,
				38A5524778E84A41B960E513 /* SourceSansPro-ExtraLightItalic.ttf */,
				AA0A843F10D9480786517FEF /* SourceSansPro-Italic.ttf */,
				974007B695574483B608D669 /* SourceSansPro-Light.ttf */,
				9EAB0D55879A45ADA4669286 /* SourceSansPro-LightItalic.ttf */,
				8203ECA416CB4127BE7B00B3 /* SourceSansPro-Regular.ttf */,
				5374C609A9164C53819F3FDD /* SourceSansPro-Semibold.ttf */,
				7F94D33AFE62415995DED277 /* SourceSansPro-SemiboldItalic.ttf */,
				DF62D00B1BE94D6E8890A424 /* Zocial.ttf */,
			);
			name = Resources;
			sourceTree = "<group>";
		};
		82DAC2543B5A97898904086F /* Frameworks */ = {
			isa = PBXGroup;
			children = (
				DCFC9E062F0D18DD4E39B5C5 /* libPods-edge.a */,
			);
			name = Frameworks;
			sourceTree = "<group>";
		};
		832341AE1AAA6A7D00B99B32 /* Libraries */ = {
			isa = PBXGroup;
			children = (
			);
			name = Libraries;
			sourceTree = "<group>";
		};
		83CBB9F61A601CBA00E9B192 = {
			isa = PBXGroup;
			children = (
				FD982BC41FABFA020057F035 /* SplashScreenResource */,
				13B07FAE1A68108700A75B9A /* edge */,
				832341AE1AAA6A7D00B99B32 /* Libraries */,
				83CBBA001A601CBA00E9B192 /* Products */,
				3BB21E930C5F437EB1EAE492 /* Resources */,
				1189D14E429D3398A100CB8A /* Pods */,
				82DAC2543B5A97898904086F /* Frameworks */,
				DA600D001F8F1D57001F3096 /* Recovered References */,
			);
			indentWidth = 2;
			sourceTree = "<group>";
			tabWidth = 2;
		};
		83CBBA001A601CBA00E9B192 /* Products */ = {
			isa = PBXGroup;
			children = (
				13B07F961A680F5B00A75B9A /* edge.app */,
			);
			name = Products;
			sourceTree = "<group>";
		};
		DA600D001F8F1D57001F3096 /* Recovered References */ = {
			isa = PBXGroup;
			children = (
			);
			name = "Recovered References";
			sourceTree = "<group>";
		};
		FD982BC41FABFA020057F035 /* SplashScreenResource */ = {
			isa = PBXGroup;
			children = (
				A80A1C6E22A653DC00A5417B /* exchange_logo_fox_exchange.png */,
				A80A1C6F22A653DC00A5417B /* exchange_logo_fox_exchange@2x.png */,
				A80A1C7022A653DC00A5417B /* exchange_logo_fox_exchange@3x.png */,
				DA285EAA2203BF2F00F79CE6 /* exchange_logo_faast.png */,
				DA285EAB2203BF2F00F79CE6 /* exchange_logo_faast@2x.png */,
				DA285EA92203BF2F00F79CE6 /* exchange_logo_faast@3x.png */,
				E6C0899B217E7AD7003DE9B9 /* exchange_logo_changelly.png */,
				E6C089A5217E7ADB003DE9B9 /* exchange_logo_changelly@2x.png */,
				E6C089A4217E7ADA003DE9B9 /* exchange_logo_changelly@3x.png */,
				E6C0899D217E7AD8003DE9B9 /* exchange_logo_changenow.png */,
				E6C0899E217E7AD9003DE9B9 /* exchange_logo_changenow@2x.png */,
				E6C0899F217E7AD9003DE9B9 /* exchange_logo_changenow@3x.png */,
				E6C089A0217E7AD9003DE9B9 /* exchange_logo_shapeshift.png */,
				E6C089A1217E7AD9003DE9B9 /* exchange_logo_shapeshift@2x.png */,
				E6C089A2217E7ADA003DE9B9 /* exchange_logo_shapeshift@3x.png */,
				E6DBE8A8210C937100C52ABE /* iPadOnboarding5Horiz.png */,
				E6DBE8A9210C937100C52ABE /* iPadOnboarding5Vert.png */,
				E6DBE8AA210C937200C52ABE /* onboardX1.png */,
				E6DBE8A7210C937100C52ABE /* onboardX2.png */,
				E6DBE8AB210C937200C52ABE /* onboardX3.png */,
				E6DBE8AD210C937200C52ABE /* onboardX4.png */,
				E6DBE8AC210C937200C52ABE /* onboardX5.png */,
				E62A1696210BBD3D002D2665 /* onboard5.png */,
				E62A1694210BBBA7002D2665 /* onboard1.png */,
				E616C51720F51B1800F9252F /* iPadOnboarding1Vert.png */,
				E616C52020F51B1900F9252F /* iPadOnboarding2Vert.png */,
				E616C52120F51B1A00F9252F /* iPadOnboarding3Vert.png */,
				E616C51C20F51B1900F9252F /* iPadOnboarding4Vert.png */,
				E616C50420F50FDA00F9252F /* iPadOnboarding1Horiz.png */,
				E616C50120F50FDA00F9252F /* iPadOnboarding2Horiz.png */,
				E616C50720F50FDB00F9252F /* iPadOnboarding3Horiz.png */,
				E616C50320F50FDA00F9252F /* iPadOnboarding4Horiz.png */,
				E638432020EFE33900EA9FE9 /* onboard2.png */,
				E638432220EFE33A00EA9FE9 /* onboard3.png */,
				E638432420EFE33A00EA9FE9 /* onboard4.png */,
				E63842DA20EFE23300EA9FE9 /* alt_splash.png */,
				FD982BCB1FACDEF00057F035 /* LaunchScreen.xib */,
				6ED8C11F21BB685C00CC03C7 /* splash.png */,
			);
			path = SplashScreenResource;
			sourceTree = "<group>";
		};
/* End PBXGroup section */

/* Begin PBXNativeTarget section */
		13B07F861A680F5B00A75B9A /* edge */ = {
			isa = PBXNativeTarget;
			buildConfigurationList = 13B07F931A680F5B00A75B9A /* Build configuration list for PBXNativeTarget "edge" */;
			buildPhases = (
				87B486B70BE20E76388C9872 /* [CP] Check Pods Manifest.lock */,
				13B07F871A680F5B00A75B9A /* Sources */,
				13B07F8C1A680F5B00A75B9A /* Frameworks */,
				13B07F8E1A680F5B00A75B9A /* Resources */,
				00DD1BFF1BD5951E006B06BC /* Bundle React Native code and images */,
				2AA364716BF34DF609A9E9B4 /* [CP] Copy Pods Resources */,
			);
			buildRules = (
			);
			dependencies = (
			);
			name = edge;
			productName = "Hello World";
			productReference = 13B07F961A680F5B00A75B9A /* edge.app */;
			productType = "com.apple.product-type.application";
		};
/* End PBXNativeTarget section */

/* Begin PBXProject section */
		83CBB9F71A601CBA00E9B192 /* Project object */ = {
			isa = PBXProject;
			attributes = {
				LastUpgradeCheck = 940;
				ORGANIZATIONNAME = edge;
				TargetAttributes = {
					13B07F861A680F5B00A75B9A = {
						DevelopmentTeam = G5LQ7MERPK;
						SystemCapabilities = {
							com.apple.Push = {
								enabled = 0;
							};
							com.apple.SafariKeychain = {
								enabled = 1;
							};
						};
					};
				};
			};
			buildConfigurationList = 83CBB9FA1A601CBA00E9B192 /* Build configuration list for PBXProject "edge" */;
			compatibilityVersion = "Xcode 3.2";
			developmentRegion = English;
			hasScannedForEncodings = 0;
			knownRegions = (
				English,
				en,
				Base,
			);
			mainGroup = 83CBB9F61A601CBA00E9B192;
			productRefGroup = 83CBBA001A601CBA00E9B192 /* Products */;
			projectDirPath = "";
			projectRoot = "";
			targets = (
				13B07F861A680F5B00A75B9A /* edge */,
			);
		};
/* End PBXProject section */

/* Begin PBXResourcesBuildPhase section */
		13B07F8E1A680F5B00A75B9A /* Resources */ = {
			isa = PBXResourcesBuildPhase;
			buildActionMask = 2147483647;
			files = (
				13B07FBF1A68108700A75B9A /* Images.xcassets in Resources */,
				3D2A4BE322934B0000E1EC61 /* blank.html in Resources */,
				E6C089AA217E7ADB003DE9B9 /* exchange_logo_changenow@2x.png in Resources */,
				E616C52D20F51B1A00F9252F /* iPadOnboarding3Vert.png in Resources */,
				DA285EAC2203BF3000F79CE6 /* exchange_logo_faast@3x.png in Resources */,
				DA285EAD2203BF3000F79CE6 /* exchange_logo_faast.png in Resources */,
				E6C089AC217E7ADB003DE9B9 /* exchange_logo_shapeshift.png in Resources */,
				E62A1697210BBD3D002D2665 /* onboard5.png in Resources */,
				E62A1695210BBBA7002D2665 /* onboard1.png in Resources */,
				E6DBE8B0210C937200C52ABE /* iPadOnboarding5Vert.png in Resources */,
				E616C51020F50FDB00F9252F /* iPadOnboarding4Horiz.png in Resources */,
				E6DBE8B4210C937200C52ABE /* onboardX4.png in Resources */,
				DA89DDF820F2CFD70012B4BD /* GoogleService-Info.plist in Resources */,
				E6C089AB217E7ADB003DE9B9 /* exchange_logo_changenow@3x.png in Resources */,
				E616C52C20F51B1A00F9252F /* iPadOnboarding2Vert.png in Resources */,
				E6C089A9217E7ADB003DE9B9 /* exchange_logo_changenow.png in Resources */,
				E638432E20EFE33B00EA9FE9 /* onboard3.png in Resources */,
				E6DBE8B3210C937200C52ABE /* onboardX5.png in Resources */,
				E6C089AE217E7ADB003DE9B9 /* exchange_logo_shapeshift@3x.png in Resources */,
				E616C52820F51B1A00F9252F /* iPadOnboarding4Vert.png in Resources */,
				E638431C20EFE23300EA9FE9 /* alt_splash.png in Resources */,
				6ED8C12021BB685C00CC03C7 /* splash.png in Resources */,
				E6DBE8AF210C937200C52ABE /* iPadOnboarding5Horiz.png in Resources */,
				E616C51420F50FDB00F9252F /* iPadOnboarding3Horiz.png in Resources */,
				E6C089B0217E7ADB003DE9B9 /* exchange_logo_changelly@3x.png in Resources */,
				DAF7C41220C505CC005B7898 /* plugins in Resources */,
				E6C089A7217E7ADB003DE9B9 /* exchange_logo_changelly.png in Resources */,
				E616C51120F50FDB00F9252F /* iPadOnboarding1Horiz.png in Resources */,
				B524052E4B614E5DB1524555 /* Roboto_medium.ttf in Resources */,
				98AF3B3C1F99F7D20083E087 /* audio_received.mp3 in Resources */,
				E6DBE8AE210C937200C52ABE /* onboardX2.png in Resources */,
				E6DBE8B1210C937200C52ABE /* onboardX1.png in Resources */,
				049D53B0E7A04E8E9FB81225 /* Roboto.ttf in Resources */,
				5753E201C6234F3D898201B7 /* rubicon-icon-font.ttf in Resources */,
				E6DBE8B2210C937200C52ABE /* onboardX3.png in Resources */,
				E616C52320F51B1A00F9252F /* iPadOnboarding1Vert.png in Resources */,
				E6C089AD217E7ADB003DE9B9 /* exchange_logo_shapeshift@2x.png in Resources */,
				FD982BCC1FACDEF00057F035 /* LaunchScreen.xib in Resources */,
				3D1368BD21DD76BB00DC8CE4 /* edge-core in Resources */,
				E616C50E20F50FDB00F9252F /* iPadOnboarding2Horiz.png in Resources */,
				E638432C20EFE33B00EA9FE9 /* onboard2.png in Resources */,
				98AF3B3B1F99F7D20083E087 /* audio_sent.mp3 in Resources */,
				E638433020EFE33B00EA9FE9 /* onboard4.png in Resources */,
				E6C089B1217E7ADB003DE9B9 /* exchange_logo_changelly@2x.png in Resources */,
				DA285EAE2203BF3000F79CE6 /* exchange_logo_faast@2x.png in Resources */,
				AC40390740E9458CBD92E01B /* SF-UI-Text-Regular.otf in Resources */,
				A32373B436A54BE09CB501C5 /* font.ttf in Resources */,
				A80A1C7322A653DC00A5417B /* exchange_logo_fox_exchange@3x.png in Resources */,
				77105E1044684D61B6B0B1EA /* SourceSansPro-Black.ttf in Resources */,
				F0D7D6C909584919867CD8B5 /* SourceSansPro-BlackItalic.ttf in Resources */,
				A80A1C7222A653DC00A5417B /* exchange_logo_fox_exchange@2x.png in Resources */,
				224A82278CB1465E9E84DC30 /* SourceSansPro-Bold.ttf in Resources */,
				31BE19EEE2CA4692A7873F5F /* SourceSansPro-BoldItalic.ttf in Resources */,
				F4A41DF580AB4DA18363D332 /* SourceSansPro-ExtraLight.ttf in Resources */,
				5872448FDFE840DEBB46A6BA /* SourceSansPro-ExtraLightItalic.ttf in Resources */,
				50FDCD65EBE045E282509085 /* SourceSansPro-Italic.ttf in Resources */,
				D4AFF217F0F5431F869AC7C6 /* SourceSansPro-Light.ttf in Resources */,
				AF471FA30819438C9BA580DD /* SourceSansPro-LightItalic.ttf in Resources */,
				F3343A739BF04CF1B73A6AA6 /* SourceSansPro-Regular.ttf in Resources */,
				8CBFB9E2496842FC8F06CE3C /* SourceSansPro-Semibold.ttf in Resources */,
				BBF0CDD08FB044868A4B510C /* SourceSansPro-SemiboldItalic.ttf in Resources */,
				5F0AA175FFCB452283063917 /* AntDesign.ttf in Resources */,
				B0EBAEF96518483CAAC1AE18 /* Entypo.ttf in Resources */,
				72FEADA163204A53BB83DDB1 /* EvilIcons.ttf in Resources */,
				ABAD41DADC5F4A96990A421E /* Feather.ttf in Resources */,
				772873537EE6422F8F8E8CD3 /* FontAwesome.ttf in Resources */,
				A80A1C7122A653DC00A5417B /* exchange_logo_fox_exchange.png in Resources */,
				8E1B3057B68149CCA355FDBF /* FontAwesome5_Brands.ttf in Resources */,
				5BAD66699331448D82B24104 /* FontAwesome5_Regular.ttf in Resources */,
				26B52E61E77947A1A4E07707 /* FontAwesome5_Solid.ttf in Resources */,
				B1804E036A3340F9AB0CD987 /* Foundation.ttf in Resources */,
				ED5310DCFBF946DFA36CC462 /* Ionicons.ttf in Resources */,
				A88329F9AD044FEB8B7D2AA1 /* MaterialCommunityIcons.ttf in Resources */,
				237AB7A9983F4B67B540A565 /* MaterialIcons.ttf in Resources */,
				9C77109EF9C7495E83B65835 /* Octicons.ttf in Resources */,
				96C02F0519DD4F08B16B79C9 /* SimpleLineIcons.ttf in Resources */,
				7C52DF4E7F844CC48347C9B4 /* Zocial.ttf in Resources */,
			);
			runOnlyForDeploymentPostprocessing = 0;
		};
/* End PBXResourcesBuildPhase section */

/* Begin PBXShellScriptBuildPhase section */
		00DD1BFF1BD5951E006B06BC /* Bundle React Native code and images */ = {
			isa = PBXShellScriptBuildPhase;
			buildActionMask = 2147483647;
			files = (
			);
			inputPaths = (
			);
			name = "Bundle React Native code and images";
			outputPaths = (
			);
			runOnlyForDeploymentPostprocessing = 0;
			shellPath = /bin/sh;
			shellScript = "export NODE_BINARY=node\n../node_modules/react-native/scripts/react-native-xcode.sh\n";
		};
		2AA364716BF34DF609A9E9B4 /* [CP] Copy Pods Resources */ = {
			isa = PBXShellScriptBuildPhase;
			buildActionMask = 2147483647;
			files = (
			);
			inputPaths = (
				"${PODS_ROOT}/Target Support Files/Pods-edge/Pods-edge-resources.sh",
				"${PODS_ROOT}/../../node_modules/react-native-vector-icons/Fonts/AntDesign.ttf",
				"${PODS_ROOT}/../../node_modules/react-native-vector-icons/Fonts/Entypo.ttf",
				"${PODS_ROOT}/../../node_modules/react-native-vector-icons/Fonts/EvilIcons.ttf",
				"${PODS_ROOT}/../../node_modules/react-native-vector-icons/Fonts/Feather.ttf",
				"${PODS_ROOT}/../../node_modules/react-native-vector-icons/Fonts/FontAwesome.ttf",
				"${PODS_ROOT}/../../node_modules/react-native-vector-icons/Fonts/FontAwesome5_Brands.ttf",
				"${PODS_ROOT}/../../node_modules/react-native-vector-icons/Fonts/FontAwesome5_Regular.ttf",
				"${PODS_ROOT}/../../node_modules/react-native-vector-icons/Fonts/FontAwesome5_Solid.ttf",
				"${PODS_ROOT}/../../node_modules/react-native-vector-icons/Fonts/Foundation.ttf",
				"${PODS_ROOT}/../../node_modules/react-native-vector-icons/Fonts/Ionicons.ttf",
				"${PODS_ROOT}/../../node_modules/react-native-vector-icons/Fonts/MaterialCommunityIcons.ttf",
				"${PODS_ROOT}/../../node_modules/react-native-vector-icons/Fonts/MaterialIcons.ttf",
				"${PODS_ROOT}/../../node_modules/react-native-vector-icons/Fonts/Octicons.ttf",
				"${PODS_ROOT}/../../node_modules/react-native-vector-icons/Fonts/SimpleLineIcons.ttf",
				"${PODS_ROOT}/../../node_modules/react-native-vector-icons/Fonts/Zocial.ttf",
			);
			name = "[CP] Copy Pods Resources";
			outputPaths = (
				"${TARGET_BUILD_DIR}/${UNLOCALIZED_RESOURCES_FOLDER_PATH}/AntDesign.ttf",
				"${TARGET_BUILD_DIR}/${UNLOCALIZED_RESOURCES_FOLDER_PATH}/Entypo.ttf",
				"${TARGET_BUILD_DIR}/${UNLOCALIZED_RESOURCES_FOLDER_PATH}/EvilIcons.ttf",
				"${TARGET_BUILD_DIR}/${UNLOCALIZED_RESOURCES_FOLDER_PATH}/Feather.ttf",
				"${TARGET_BUILD_DIR}/${UNLOCALIZED_RESOURCES_FOLDER_PATH}/FontAwesome.ttf",
				"${TARGET_BUILD_DIR}/${UNLOCALIZED_RESOURCES_FOLDER_PATH}/FontAwesome5_Brands.ttf",
				"${TARGET_BUILD_DIR}/${UNLOCALIZED_RESOURCES_FOLDER_PATH}/FontAwesome5_Regular.ttf",
				"${TARGET_BUILD_DIR}/${UNLOCALIZED_RESOURCES_FOLDER_PATH}/FontAwesome5_Solid.ttf",
				"${TARGET_BUILD_DIR}/${UNLOCALIZED_RESOURCES_FOLDER_PATH}/Foundation.ttf",
				"${TARGET_BUILD_DIR}/${UNLOCALIZED_RESOURCES_FOLDER_PATH}/Ionicons.ttf",
				"${TARGET_BUILD_DIR}/${UNLOCALIZED_RESOURCES_FOLDER_PATH}/MaterialCommunityIcons.ttf",
				"${TARGET_BUILD_DIR}/${UNLOCALIZED_RESOURCES_FOLDER_PATH}/MaterialIcons.ttf",
				"${TARGET_BUILD_DIR}/${UNLOCALIZED_RESOURCES_FOLDER_PATH}/Octicons.ttf",
				"${TARGET_BUILD_DIR}/${UNLOCALIZED_RESOURCES_FOLDER_PATH}/SimpleLineIcons.ttf",
				"${TARGET_BUILD_DIR}/${UNLOCALIZED_RESOURCES_FOLDER_PATH}/Zocial.ttf",
			);
			runOnlyForDeploymentPostprocessing = 0;
			shellPath = /bin/sh;
			shellScript = "\"${PODS_ROOT}/Target Support Files/Pods-edge/Pods-edge-resources.sh\"\n";
			showEnvVarsInLog = 0;
		};
		87B486B70BE20E76388C9872 /* [CP] Check Pods Manifest.lock */ = {
			isa = PBXShellScriptBuildPhase;
			buildActionMask = 2147483647;
			files = (
			);
			inputPaths = (
				"${PODS_PODFILE_DIR_PATH}/Podfile.lock",
				"${PODS_ROOT}/Manifest.lock",
			);
			name = "[CP] Check Pods Manifest.lock";
			outputPaths = (
				"$(DERIVED_FILE_DIR)/Pods-edge-checkManifestLockResult.txt",
			);
			runOnlyForDeploymentPostprocessing = 0;
			shellPath = /bin/sh;
			shellScript = "diff \"${PODS_PODFILE_DIR_PATH}/Podfile.lock\" \"${PODS_ROOT}/Manifest.lock\" > /dev/null\nif [ $? != 0 ] ; then\n    # print error to STDERR\n    echo \"error: The sandbox is not in sync with the Podfile.lock. Run 'pod install' or update your CocoaPods installation.\" >&2\n    exit 1\nfi\n# This output is used by Xcode 'outputs' to avoid re-running this script phase.\necho \"SUCCESS\" > \"${SCRIPT_OUTPUT_FILE_0}\"\n";
			showEnvVarsInLog = 0;
		};
/* End PBXShellScriptBuildPhase section */

/* Begin PBXSourcesBuildPhase section */
		13B07F871A680F5B00A75B9A /* Sources */ = {
			isa = PBXSourcesBuildPhase;
			buildActionMask = 2147483647;
			files = (
				13B07FBC1A68108700A75B9A /* AppDelegate.m in Sources */,
				13B07FC11A68108700A75B9A /* main.m in Sources */,
			);
			runOnlyForDeploymentPostprocessing = 0;
		};
/* End PBXSourcesBuildPhase section */

/* Begin XCBuildConfiguration section */
		13B07F941A680F5B00A75B9A /* Debug */ = {
			isa = XCBuildConfiguration;
			baseConfigurationReference = 550016E295D7C4722CD35EF9 /* Pods-edge.debug.xcconfig */;
			buildSettings = {
				ASSETCATALOG_COMPILER_APPICON_NAME = AppIcon;
				ASSETCATALOG_COMPILER_LAUNCHIMAGE_NAME = LaunchImage;
				CODE_SIGN_ENTITLEMENTS = edge/edge.entitlements;
				CURRENT_PROJECT_VERSION = 1;
				DEAD_CODE_STRIPPING = NO;
				DEVELOPMENT_TEAM = G5LQ7MERPK;
				FRAMEWORK_SEARCH_PATHS = (
					"$(inherited)",
					"$(PROJECT_DIR)",
				);
				HEADER_SEARCH_PATHS = (
					"$(inherited)",
					"$(SRCROOT)/../node_modules/react-native-device-info/RNDeviceInfo",
					"$(SRCROOT)/../node_modules/react-native-permissions/**",
					"$(SRCROOT)/../../../react-native/React/**",
					"$(SRCROOT)/../node_modules/bugsnag-react-native/cocoa",
					"${PODS_ROOT}/Headers/Private",
				);
				INFOPLIST_FILE = edge/Info.plist;
				IPHONEOS_DEPLOYMENT_TARGET = 10.3;
				LD_RUNPATH_SEARCH_PATHS = "$(inherited) @executable_path/Frameworks";
				LIBRARY_SEARCH_PATHS = "$(inherited)";
				OTHER_LDFLAGS = (
					"$(inherited)",
					"-ObjC",
					"-lc++",
				);
				PRODUCT_BUNDLE_IDENTIFIER = co.edgesecure.app;
				PRODUCT_NAME = edge;
				TARGETED_DEVICE_FAMILY = "1,2";
				VERSIONING_SYSTEM = "apple-generic";
			};
			name = Debug;
		};
		13B07F951A680F5B00A75B9A /* Release */ = {
			isa = XCBuildConfiguration;
			baseConfigurationReference = A0587BF5EC0B93837E5E83BE /* Pods-edge.release.xcconfig */;
			buildSettings = {
				ASSETCATALOG_COMPILER_APPICON_NAME = AppIcon;
				ASSETCATALOG_COMPILER_LAUNCHIMAGE_NAME = LaunchImage;
				CODE_SIGN_ENTITLEMENTS = edge/edge.entitlements;
				CURRENT_PROJECT_VERSION = 1;
				DEVELOPMENT_TEAM = G5LQ7MERPK;
				FRAMEWORK_SEARCH_PATHS = (
					"$(inherited)",
					"$(PROJECT_DIR)",
				);
				HEADER_SEARCH_PATHS = (
					"$(inherited)",
					"$(SRCROOT)/../node_modules/react-native-device-info/RNDeviceInfo",
					"$(SRCROOT)/../node_modules/react-native-permissions/**",
					"$(SRCROOT)/../node_modules/react-native-splash-screen/ios",
					"$(SRCROOT)/../../../react-native/React/**",
					"$(SRCROOT)/../node_modules/bugsnag-react-native/cocoa",
					"${PODS_ROOT}/Headers/Private",
				);
				INFOPLIST_FILE = edge/Info.plist;
				IPHONEOS_DEPLOYMENT_TARGET = 10.3;
				LD_RUNPATH_SEARCH_PATHS = "$(inherited) @executable_path/Frameworks";
				LIBRARY_SEARCH_PATHS = "$(inherited)";
				OTHER_LDFLAGS = (
					"$(inherited)",
					"-ObjC",
					"-lc++",
				);
				PRODUCT_BUNDLE_IDENTIFIER = co.edgesecure.app;
				PRODUCT_NAME = edge;
				TARGETED_DEVICE_FAMILY = "1,2";
				VERSIONING_SYSTEM = "apple-generic";
			};
			name = Release;
		};
		83CBBA201A601CBA00E9B192 /* Debug */ = {
			isa = XCBuildConfiguration;
			buildSettings = {
				ALWAYS_SEARCH_USER_PATHS = NO;
				CLANG_CXX_LANGUAGE_STANDARD = "gnu++0x";
				CLANG_CXX_LIBRARY = "libc++";
				CLANG_ENABLE_MODULES = YES;
				CLANG_ENABLE_OBJC_ARC = YES;
				CLANG_WARN_BLOCK_CAPTURE_AUTORELEASING = YES;
				CLANG_WARN_BOOL_CONVERSION = YES;
				CLANG_WARN_COMMA = YES;
				CLANG_WARN_CONSTANT_CONVERSION = YES;
				CLANG_WARN_DEPRECATED_OBJC_IMPLEMENTATIONS = YES;
				CLANG_WARN_DIRECT_OBJC_ISA_USAGE = YES_ERROR;
				CLANG_WARN_EMPTY_BODY = YES;
				CLANG_WARN_ENUM_CONVERSION = YES;
				CLANG_WARN_INFINITE_RECURSION = YES;
				CLANG_WARN_INT_CONVERSION = YES;
				CLANG_WARN_NON_LITERAL_NULL_CONVERSION = YES;
				CLANG_WARN_OBJC_IMPLICIT_RETAIN_SELF = YES;
				CLANG_WARN_OBJC_LITERAL_CONVERSION = YES;
				CLANG_WARN_OBJC_ROOT_CLASS = YES_ERROR;
				CLANG_WARN_RANGE_LOOP_ANALYSIS = YES;
				CLANG_WARN_STRICT_PROTOTYPES = YES;
				CLANG_WARN_SUSPICIOUS_MOVE = YES;
				CLANG_WARN_UNREACHABLE_CODE = YES;
				CLANG_WARN__DUPLICATE_METHOD_MATCH = YES;
				"CODE_SIGN_IDENTITY[sdk=iphoneos*]" = "iPhone Developer";
				COPY_PHASE_STRIP = NO;
				ENABLE_BITCODE = NO;
				ENABLE_STRICT_OBJC_MSGSEND = YES;
				ENABLE_TESTABILITY = YES;
				GCC_C_LANGUAGE_STANDARD = gnu99;
				GCC_DYNAMIC_NO_PIC = NO;
				GCC_NO_COMMON_BLOCKS = YES;
				GCC_OPTIMIZATION_LEVEL = 0;
				GCC_PREPROCESSOR_DEFINITIONS = (
					"DEBUG=1",
					"$(inherited)",
				);
				GCC_SYMBOLS_PRIVATE_EXTERN = NO;
				GCC_WARN_64_TO_32_BIT_CONVERSION = YES;
				GCC_WARN_ABOUT_RETURN_TYPE = YES_ERROR;
				GCC_WARN_UNDECLARED_SELECTOR = YES;
				GCC_WARN_UNINITIALIZED_AUTOS = YES_AGGRESSIVE;
				GCC_WARN_UNUSED_FUNCTION = YES;
				GCC_WARN_UNUSED_VARIABLE = YES;
				IPHONEOS_DEPLOYMENT_TARGET = 9.0;
				MTL_ENABLE_DEBUG_INFO = YES;
				ONLY_ACTIVE_ARCH = YES;
				SDKROOT = iphoneos;
			};
			name = Debug;
		};
		83CBBA211A601CBA00E9B192 /* Release */ = {
			isa = XCBuildConfiguration;
			buildSettings = {
				ALWAYS_SEARCH_USER_PATHS = NO;
				CLANG_CXX_LANGUAGE_STANDARD = "gnu++0x";
				CLANG_CXX_LIBRARY = "libc++";
				CLANG_ENABLE_MODULES = YES;
				CLANG_ENABLE_OBJC_ARC = YES;
				CLANG_WARN_BLOCK_CAPTURE_AUTORELEASING = YES;
				CLANG_WARN_BOOL_CONVERSION = YES;
				CLANG_WARN_COMMA = YES;
				CLANG_WARN_CONSTANT_CONVERSION = YES;
				CLANG_WARN_DEPRECATED_OBJC_IMPLEMENTATIONS = YES;
				CLANG_WARN_DIRECT_OBJC_ISA_USAGE = YES_ERROR;
				CLANG_WARN_EMPTY_BODY = YES;
				CLANG_WARN_ENUM_CONVERSION = YES;
				CLANG_WARN_INFINITE_RECURSION = YES;
				CLANG_WARN_INT_CONVERSION = YES;
				CLANG_WARN_NON_LITERAL_NULL_CONVERSION = YES;
				CLANG_WARN_OBJC_IMPLICIT_RETAIN_SELF = YES;
				CLANG_WARN_OBJC_LITERAL_CONVERSION = YES;
				CLANG_WARN_OBJC_ROOT_CLASS = YES_ERROR;
				CLANG_WARN_RANGE_LOOP_ANALYSIS = YES;
				CLANG_WARN_STRICT_PROTOTYPES = YES;
				CLANG_WARN_SUSPICIOUS_MOVE = YES;
				CLANG_WARN_UNREACHABLE_CODE = YES;
				CLANG_WARN__DUPLICATE_METHOD_MATCH = YES;
				"CODE_SIGN_IDENTITY[sdk=iphoneos*]" = "iPhone Developer";
				COPY_PHASE_STRIP = YES;
				ENABLE_BITCODE = NO;
				ENABLE_NS_ASSERTIONS = NO;
				ENABLE_STRICT_OBJC_MSGSEND = YES;
				GCC_C_LANGUAGE_STANDARD = gnu99;
				GCC_NO_COMMON_BLOCKS = YES;
				GCC_WARN_64_TO_32_BIT_CONVERSION = YES;
				GCC_WARN_ABOUT_RETURN_TYPE = YES_ERROR;
				GCC_WARN_UNDECLARED_SELECTOR = YES;
				GCC_WARN_UNINITIALIZED_AUTOS = YES_AGGRESSIVE;
				GCC_WARN_UNUSED_FUNCTION = YES;
				GCC_WARN_UNUSED_VARIABLE = YES;
				IPHONEOS_DEPLOYMENT_TARGET = 9.0;
				MTL_ENABLE_DEBUG_INFO = NO;
				SDKROOT = iphoneos;
				VALIDATE_PRODUCT = YES;
			};
			name = Release;
		};
/* End XCBuildConfiguration section */

/* Begin XCConfigurationList section */
		13B07F931A680F5B00A75B9A /* Build configuration list for PBXNativeTarget "edge" */ = {
			isa = XCConfigurationList;
			buildConfigurations = (
				13B07F941A680F5B00A75B9A /* Debug */,
				13B07F951A680F5B00A75B9A /* Release */,
			);
			defaultConfigurationIsVisible = 0;
			defaultConfigurationName = Release;
		};
		83CBB9FA1A601CBA00E9B192 /* Build configuration list for PBXProject "edge" */ = {
			isa = XCConfigurationList;
			buildConfigurations = (
				83CBBA201A601CBA00E9B192 /* Debug */,
				83CBBA211A601CBA00E9B192 /* Release */,
			);
			defaultConfigurationIsVisible = 0;
			defaultConfigurationName = Release;
		};
/* End XCConfigurationList section */
	};
	rootObject = 83CBB9F71A601CBA00E9B192 /* Project object */;
}
